// !$*UTF8*$!
{
	archiveVersion = 1;
	classes = {
	};
	objectVersion = 50;
	objects = {

/* Begin PBXBuildFile section */
		BF0B88E7257546640036E0E0 /* BusyIcon.swift in Sources */ = {isa = PBXBuildFile; fileRef = BF0B88E6257546640036E0E0 /* BusyIcon.swift */; };
		BF0B88F425754DD00036E0E0 /* MapView.swift in Sources */ = {isa = PBXBuildFile; fileRef = BF0B88F325754DD00036E0E0 /* MapView.swift */; };
		BF0B8902257556350036E0E0 /* BusyText.swift in Sources */ = {isa = PBXBuildFile; fileRef = BF0B8901257556350036E0E0 /* BusyText.swift */; };
		BF1EDF482550B60F006C900F /* YOLOv3.mlmodel in Sources */ = {isa = PBXBuildFile; fileRef = BF1EDF472550B60F006C900F /* YOLOv3.mlmodel */; };
		BF1EDF552550BB5A006C900F /* CoreMLModel.swift in Sources */ = {isa = PBXBuildFile; fileRef = BF1EDF542550BB5A006C900F /* CoreMLModel.swift */; };
		BF1EDF6B25515E94006C900F /* YOLO.swift in Sources */ = {isa = PBXBuildFile; fileRef = BF1EDF6A25515E94006C900F /* YOLO.swift */; };
		BF1EDF73255161FD006C900F /* UIImageUtils.swift in Sources */ = {isa = PBXBuildFile; fileRef = BF1EDF72255161FD006C900F /* UIImageUtils.swift */; };
		BF2DB8A725541D0E00A304A7 /* AllPlacesSheet.swift in Sources */ = {isa = PBXBuildFile; fileRef = BF2DB8A625541D0E00A304A7 /* AllPlacesSheet.swift */; };
		BF2DB8AF255426A500A304A7 /* PlaceDetail.swift in Sources */ = {isa = PBXBuildFile; fileRef = BF2DB8AE255426A500A304A7 /* PlaceDetail.swift */; };
		BF305889254F2C3C0087FDEA /* AppDelegate.swift in Sources */ = {isa = PBXBuildFile; fileRef = BF305888254F2C3C0087FDEA /* AppDelegate.swift */; };
		BF30588B254F2C3C0087FDEA /* SceneDelegate.swift in Sources */ = {isa = PBXBuildFile; fileRef = BF30588A254F2C3C0087FDEA /* SceneDelegate.swift */; };
		BF30588D254F2C3C0087FDEA /* AppView.swift in Sources */ = {isa = PBXBuildFile; fileRef = BF30588C254F2C3C0087FDEA /* AppView.swift */; };
		BF305890254F2C3C0087FDEA /* BusyBuddy.xcdatamodeld in Sources */ = {isa = PBXBuildFile; fileRef = BF30588E254F2C3C0087FDEA /* BusyBuddy.xcdatamodeld */; };
		BF305892254F2C3E0087FDEA /* Assets.xcassets in Resources */ = {isa = PBXBuildFile; fileRef = BF305891254F2C3E0087FDEA /* Assets.xcassets */; };
		BF305895254F2C3E0087FDEA /* Preview Assets.xcassets in Resources */ = {isa = PBXBuildFile; fileRef = BF305894254F2C3E0087FDEA /* Preview Assets.xcassets */; };
		BF3058A3254F2C3E0087FDEA /* BusyBuddyTests.swift in Sources */ = {isa = PBXBuildFile; fileRef = BF3058A2254F2C3E0087FDEA /* BusyBuddyTests.swift */; };
		BF3058AE254F2C3E0087FDEA /* BusyBuddyUITests.swift in Sources */ = {isa = PBXBuildFile; fileRef = BF3058AD254F2C3E0087FDEA /* BusyBuddyUITests.swift */; };
		BF3058C0254F2C640087FDEA /* TfLUnifiedAPI.swift in Sources */ = {isa = PBXBuildFile; fileRef = BF3058BF254F2C640087FDEA /* TfLUnifiedAPI.swift */; };
		BF3058C8254F2C7E0087FDEA /* Place.swift in Sources */ = {isa = PBXBuildFile; fileRef = BF3058C7254F2C7E0087FDEA /* Place.swift */; };
		BF3058D7254F2E590087FDEA /* CoreDataPlace+CoreDataClass.swift in Sources */ = {isa = PBXBuildFile; fileRef = BF3058D5254F2E590087FDEA /* CoreDataPlace+CoreDataClass.swift */; };
		BF3058D8254F2E590087FDEA /* CoreDataPlace+CoreDataProperties.swift in Sources */ = {isa = PBXBuildFile; fileRef = BF3058D6254F2E590087FDEA /* CoreDataPlace+CoreDataProperties.swift */; };
		BF3058E0254F2E8E0087FDEA /* TfLUnifiedAPITests.swift in Sources */ = {isa = PBXBuildFile; fileRef = BF3058DF254F2E8E0087FDEA /* TfLUnifiedAPITests.swift */; };
		BF3058E5254F44560087FDEA /* PlacesDataManagerTests.swift in Sources */ = {isa = PBXBuildFile; fileRef = BF3058E4254F44560087FDEA /* PlacesDataManagerTests.swift */; };
		BF3058EA254F49660087FDEA /* PersistenceManager.swift in Sources */ = {isa = PBXBuildFile; fileRef = BF3058E9254F49660087FDEA /* PersistenceManager.swift */; };
		BF6B1DA42573BAB900CF3FF0 /* BookmarksGrid.swift in Sources */ = {isa = PBXBuildFile; fileRef = BF6B1DA32573BAB900CF3FF0 /* BookmarksGrid.swift */; };
		BF6B1DB52573C3DA00CF3FF0 /* BookmarksGridItem.swift in Sources */ = {isa = PBXBuildFile; fileRef = BF6B1DB42573C3DA00CF3FF0 /* BookmarksGridItem.swift */; };
		BF6B1DBA2573C5C100CF3FF0 /* Colours.swift in Sources */ = {isa = PBXBuildFile; fileRef = BF6B1DB92573C5C100CF3FF0 /* Colours.swift */; };
		BF89E5EB254F51E500AA5336 /* PlacesDataManager.swift in Sources */ = {isa = PBXBuildFile; fileRef = BF89E5EA254F51E500AA5336 /* PlacesDataManager.swift */; };
		BF92211B256E6D7F0022CE80 /* PlacesCache.swift in Sources */ = {isa = PBXBuildFile; fileRef = BF92211A256E6D7F0022CE80 /* PlacesCache.swift */; };
		BF92212E256E78160022CE80 /* PlacesManager.swift in Sources */ = {isa = PBXBuildFile; fileRef = BF92212D256E78160022CE80 /* PlacesManager.swift */; };
		BFAFD2E125540DB700972554 /* BookmarksManager.swift in Sources */ = {isa = PBXBuildFile; fileRef = BFAFD2E025540DB700972554 /* BookmarksManager.swift */; };
		BFBD960D2563FC610091C0FE /* BusyScoreCache.swift in Sources */ = {isa = PBXBuildFile; fileRef = BFBD960C2563FC610091C0FE /* BusyScoreCache.swift */; };
		BFBD96232565BABB0091C0FE /* PlaceMap.swift in Sources */ = {isa = PBXBuildFile; fileRef = BFBD96222565BABB0091C0FE /* PlaceMap.swift */; };
		BFC5A08E25544A7100CE2B80 /* FavouritesTests.swift in Sources */ = {isa = PBXBuildFile; fileRef = BFC5A08D25544A7100CE2B80 /* FavouritesTests.swift */; };
		BFC5A0A12554540E00CE2B80 /* ExamplePlace.swift in Sources */ = {isa = PBXBuildFile; fileRef = BFC5A0A02554540E00CE2B80 /* ExamplePlace.swift */; };
		BFC5A0AE2554651F00CE2B80 /* YOLOTests.swift in Sources */ = {isa = PBXBuildFile; fileRef = BFC5A0AD2554651F00CE2B80 /* YOLOTests.swift */; };
		BFD2D3882556B7CE00554869 /* BusyScore.swift in Sources */ = {isa = PBXBuildFile; fileRef = BFD2D3872556B7CD00554869 /* BusyScore.swift */; };
		BFD97B582550449E00FF23D4 /* PlacesList.swift in Sources */ = {isa = PBXBuildFile; fileRef = BFD97B572550449E00FF23D4 /* PlacesList.swift */; };
		BFE3DAFE2556BE2800F10883 /* ImageCache.swift in Sources */ = {isa = PBXBuildFile; fileRef = BFE3DAFD2556BE2800F10883 /* ImageCache.swift */; };
		BFE3DB22255734C400F10883 /* ImageCacheTests.swift in Sources */ = {isa = PBXBuildFile; fileRef = BFE3DB21255734C400F10883 /* ImageCacheTests.swift */; };
		BFE3DB2F255761CC00F10883 /* test_HorseferryRd_MarshamSt.jpg in Resources */ = {isa = PBXBuildFile; fileRef = BFE3DB2C255761CC00F10883 /* test_HorseferryRd_MarshamSt.jpg */; };
		BFE3DB30255761CC00F10883 /* test_OxfordSt_DaviesSt.jpg in Resources */ = {isa = PBXBuildFile; fileRef = BFE3DB2D255761CC00F10883 /* test_OxfordSt_DaviesSt.jpg */; };
		BFE3DB31255761CC00F10883 /* test_UniversitySt_GowerSt.jpg in Resources */ = {isa = PBXBuildFile; fileRef = BFE3DB2E255761CC00F10883 /* test_UniversitySt_GowerSt.jpg */; };
/* End PBXBuildFile section */

/* Begin PBXContainerItemProxy section */
		BF30589F254F2C3E0087FDEA /* PBXContainerItemProxy */ = {
			isa = PBXContainerItemProxy;
			containerPortal = BF30587D254F2C3C0087FDEA /* Project object */;
			proxyType = 1;
			remoteGlobalIDString = BF305884254F2C3C0087FDEA;
			remoteInfo = BusyBuddy;
		};
		BF3058AA254F2C3E0087FDEA /* PBXContainerItemProxy */ = {
			isa = PBXContainerItemProxy;
			containerPortal = BF30587D254F2C3C0087FDEA /* Project object */;
			proxyType = 1;
			remoteGlobalIDString = BF305884254F2C3C0087FDEA;
			remoteInfo = BusyBuddy;
		};
/* End PBXContainerItemProxy section */

/* Begin PBXFileReference section */
		BF0B88E6257546640036E0E0 /* BusyIcon.swift */ = {isa = PBXFileReference; lastKnownFileType = sourcecode.swift; path = BusyIcon.swift; sourceTree = "<group>"; };
		BF0B88F325754DD00036E0E0 /* MapView.swift */ = {isa = PBXFileReference; lastKnownFileType = sourcecode.swift; path = MapView.swift; sourceTree = "<group>"; };
		BF0B8901257556350036E0E0 /* BusyText.swift */ = {isa = PBXFileReference; lastKnownFileType = sourcecode.swift; path = BusyText.swift; sourceTree = "<group>"; };
		BF1EDF472550B60F006C900F /* YOLOv3.mlmodel */ = {isa = PBXFileReference; lastKnownFileType = file.mlmodel; name = YOLOv3.mlmodel; path = ../../../YOLOv3.mlmodel; sourceTree = "<group>"; };
		BF1EDF542550BB5A006C900F /* CoreMLModel.swift */ = {isa = PBXFileReference; lastKnownFileType = sourcecode.swift; path = CoreMLModel.swift; sourceTree = "<group>"; };
		BF1EDF6A25515E94006C900F /* YOLO.swift */ = {isa = PBXFileReference; lastKnownFileType = sourcecode.swift; path = YOLO.swift; sourceTree = "<group>"; };
		BF1EDF72255161FD006C900F /* UIImageUtils.swift */ = {isa = PBXFileReference; lastKnownFileType = sourcecode.swift; path = UIImageUtils.swift; sourceTree = "<group>"; };
		BF2DB8A625541D0E00A304A7 /* AllPlacesSheet.swift */ = {isa = PBXFileReference; lastKnownFileType = sourcecode.swift; path = AllPlacesSheet.swift; sourceTree = "<group>"; };
		BF2DB8AE255426A500A304A7 /* PlaceDetail.swift */ = {isa = PBXFileReference; lastKnownFileType = sourcecode.swift; path = PlaceDetail.swift; sourceTree = "<group>"; };
		BF305885254F2C3C0087FDEA /* BusyBuddy.app */ = {isa = PBXFileReference; explicitFileType = wrapper.application; includeInIndex = 0; path = BusyBuddy.app; sourceTree = BUILT_PRODUCTS_DIR; };
		BF305888254F2C3C0087FDEA /* AppDelegate.swift */ = {isa = PBXFileReference; lastKnownFileType = sourcecode.swift; path = AppDelegate.swift; sourceTree = "<group>"; };
		BF30588A254F2C3C0087FDEA /* SceneDelegate.swift */ = {isa = PBXFileReference; lastKnownFileType = sourcecode.swift; path = SceneDelegate.swift; sourceTree = "<group>"; };
		BF30588C254F2C3C0087FDEA /* AppView.swift */ = {isa = PBXFileReference; lastKnownFileType = sourcecode.swift; path = AppView.swift; sourceTree = "<group>"; };
		BF30588F254F2C3C0087FDEA /* BusyBuddy.xcdatamodel */ = {isa = PBXFileReference; lastKnownFileType = wrapper.xcdatamodel; path = BusyBuddy.xcdatamodel; sourceTree = "<group>"; };
		BF305891254F2C3E0087FDEA /* Assets.xcassets */ = {isa = PBXFileReference; lastKnownFileType = folder.assetcatalog; path = Assets.xcassets; sourceTree = "<group>"; };
		BF305894254F2C3E0087FDEA /* Preview Assets.xcassets */ = {isa = PBXFileReference; lastKnownFileType = folder.assetcatalog; path = "Preview Assets.xcassets"; sourceTree = "<group>"; };
		BF305899254F2C3E0087FDEA /* Info.plist */ = {isa = PBXFileReference; lastKnownFileType = text.plist.xml; path = Info.plist; sourceTree = "<group>"; };
		BF30589E254F2C3E0087FDEA /* BusyBuddyTests.xctest */ = {isa = PBXFileReference; explicitFileType = wrapper.cfbundle; includeInIndex = 0; path = BusyBuddyTests.xctest; sourceTree = BUILT_PRODUCTS_DIR; };
		BF3058A2254F2C3E0087FDEA /* BusyBuddyTests.swift */ = {isa = PBXFileReference; lastKnownFileType = sourcecode.swift; path = BusyBuddyTests.swift; sourceTree = "<group>"; };
		BF3058A4254F2C3E0087FDEA /* Info.plist */ = {isa = PBXFileReference; lastKnownFileType = text.plist.xml; path = Info.plist; sourceTree = "<group>"; };
		BF3058A9254F2C3E0087FDEA /* BusyBuddyUITests.xctest */ = {isa = PBXFileReference; explicitFileType = wrapper.cfbundle; includeInIndex = 0; path = BusyBuddyUITests.xctest; sourceTree = BUILT_PRODUCTS_DIR; };
		BF3058AD254F2C3E0087FDEA /* BusyBuddyUITests.swift */ = {isa = PBXFileReference; lastKnownFileType = sourcecode.swift; path = BusyBuddyUITests.swift; sourceTree = "<group>"; };
		BF3058AF254F2C3E0087FDEA /* Info.plist */ = {isa = PBXFileReference; lastKnownFileType = text.plist.xml; path = Info.plist; sourceTree = "<group>"; };
		BF3058BF254F2C640087FDEA /* TfLUnifiedAPI.swift */ = {isa = PBXFileReference; lastKnownFileType = sourcecode.swift; path = TfLUnifiedAPI.swift; sourceTree = "<group>"; };
		BF3058C7254F2C7E0087FDEA /* Place.swift */ = {isa = PBXFileReference; lastKnownFileType = sourcecode.swift; path = Place.swift; sourceTree = "<group>"; };
		BF3058D5254F2E590087FDEA /* CoreDataPlace+CoreDataClass.swift */ = {isa = PBXFileReference; lastKnownFileType = sourcecode.swift; name = "CoreDataPlace+CoreDataClass.swift"; path = "BusyBuddy/Core Data/CoreDataPlace+CoreDataClass.swift"; sourceTree = SOURCE_ROOT; };
		BF3058D6254F2E590087FDEA /* CoreDataPlace+CoreDataProperties.swift */ = {isa = PBXFileReference; lastKnownFileType = sourcecode.swift; name = "CoreDataPlace+CoreDataProperties.swift"; path = "BusyBuddy/Core Data/CoreDataPlace+CoreDataProperties.swift"; sourceTree = SOURCE_ROOT; };
		BF3058DF254F2E8E0087FDEA /* TfLUnifiedAPITests.swift */ = {isa = PBXFileReference; lastKnownFileType = sourcecode.swift; path = TfLUnifiedAPITests.swift; sourceTree = "<group>"; };
		BF3058E4254F44560087FDEA /* PlacesDataManagerTests.swift */ = {isa = PBXFileReference; lastKnownFileType = sourcecode.swift; path = PlacesDataManagerTests.swift; sourceTree = "<group>"; };
		BF3058E9254F49660087FDEA /* PersistenceManager.swift */ = {isa = PBXFileReference; lastKnownFileType = sourcecode.swift; path = PersistenceManager.swift; sourceTree = "<group>"; };
		BF6B1DA32573BAB900CF3FF0 /* BookmarksGrid.swift */ = {isa = PBXFileReference; lastKnownFileType = sourcecode.swift; path = BookmarksGrid.swift; sourceTree = "<group>"; };
		BF6B1DB42573C3DA00CF3FF0 /* BookmarksGridItem.swift */ = {isa = PBXFileReference; lastKnownFileType = sourcecode.swift; path = BookmarksGridItem.swift; sourceTree = "<group>"; };
		BF6B1DB92573C5C100CF3FF0 /* Colours.swift */ = {isa = PBXFileReference; lastKnownFileType = sourcecode.swift; path = Colours.swift; sourceTree = "<group>"; };
		BF89E5EA254F51E500AA5336 /* PlacesDataManager.swift */ = {isa = PBXFileReference; lastKnownFileType = sourcecode.swift; path = PlacesDataManager.swift; sourceTree = "<group>"; };
		BF92211A256E6D7F0022CE80 /* PlacesCache.swift */ = {isa = PBXFileReference; lastKnownFileType = sourcecode.swift; path = PlacesCache.swift; sourceTree = "<group>"; };
		BF92212D256E78160022CE80 /* PlacesManager.swift */ = {isa = PBXFileReference; lastKnownFileType = sourcecode.swift; path = PlacesManager.swift; sourceTree = "<group>"; };
		BFAFD2E025540DB700972554 /* BookmarksManager.swift */ = {isa = PBXFileReference; lastKnownFileType = sourcecode.swift; path = BookmarksManager.swift; sourceTree = "<group>"; };
		BFBD960C2563FC610091C0FE /* BusyScoreCache.swift */ = {isa = PBXFileReference; lastKnownFileType = sourcecode.swift; path = BusyScoreCache.swift; sourceTree = "<group>"; };
		BFBD96222565BABB0091C0FE /* PlaceMap.swift */ = {isa = PBXFileReference; lastKnownFileType = sourcecode.swift; path = PlaceMap.swift; sourceTree = "<group>"; };
		BFC5A08D25544A7100CE2B80 /* FavouritesTests.swift */ = {isa = PBXFileReference; lastKnownFileType = sourcecode.swift; path = FavouritesTests.swift; sourceTree = "<group>"; };
		BFC5A0A02554540E00CE2B80 /* ExamplePlace.swift */ = {isa = PBXFileReference; lastKnownFileType = sourcecode.swift; path = ExamplePlace.swift; sourceTree = "<group>"; };
		BFC5A0AD2554651F00CE2B80 /* YOLOTests.swift */ = {isa = PBXFileReference; lastKnownFileType = sourcecode.swift; path = YOLOTests.swift; sourceTree = "<group>"; };
		BFD2D3872556B7CD00554869 /* BusyScore.swift */ = {isa = PBXFileReference; lastKnownFileType = sourcecode.swift; path = BusyScore.swift; sourceTree = "<group>"; };
		BFD97B572550449E00FF23D4 /* PlacesList.swift */ = {isa = PBXFileReference; lastKnownFileType = sourcecode.swift; path = PlacesList.swift; sourceTree = "<group>"; };
		BFE3DAFD2556BE2800F10883 /* ImageCache.swift */ = {isa = PBXFileReference; fileEncoding = 4; lastKnownFileType = sourcecode.swift; path = ImageCache.swift; sourceTree = "<group>"; };
		BFE3DB21255734C400F10883 /* ImageCacheTests.swift */ = {isa = PBXFileReference; lastKnownFileType = sourcecode.swift; path = ImageCacheTests.swift; sourceTree = "<group>"; };
		BFE3DB2C255761CC00F10883 /* test_HorseferryRd_MarshamSt.jpg */ = {isa = PBXFileReference; lastKnownFileType = image.jpeg; path = test_HorseferryRd_MarshamSt.jpg; sourceTree = "<group>"; };
		BFE3DB2D255761CC00F10883 /* test_OxfordSt_DaviesSt.jpg */ = {isa = PBXFileReference; lastKnownFileType = image.jpeg; path = test_OxfordSt_DaviesSt.jpg; sourceTree = "<group>"; };
		BFE3DB2E255761CC00F10883 /* test_UniversitySt_GowerSt.jpg */ = {isa = PBXFileReference; lastKnownFileType = image.jpeg; path = test_UniversitySt_GowerSt.jpg; sourceTree = "<group>"; };
/* End PBXFileReference section */

/* Begin PBXFrameworksBuildPhase section */
		BF305882254F2C3C0087FDEA /* Frameworks */ = {
			isa = PBXFrameworksBuildPhase;
			buildActionMask = 2147483647;
			files = (
			);
			runOnlyForDeploymentPostprocessing = 0;
		};
		BF30589B254F2C3E0087FDEA /* Frameworks */ = {
			isa = PBXFrameworksBuildPhase;
			buildActionMask = 2147483647;
			files = (
			);
			runOnlyForDeploymentPostprocessing = 0;
		};
		BF3058A6254F2C3E0087FDEA /* Frameworks */ = {
			isa = PBXFrameworksBuildPhase;
			buildActionMask = 2147483647;
			files = (
			);
			runOnlyForDeploymentPostprocessing = 0;
		};
/* End PBXFrameworksBuildPhase section */

/* Begin PBXGroup section */
		BF1EDF7B25516248006C900F /* Views */ = {
			isa = PBXGroup;
			children = (
				BF30588C254F2C3C0087FDEA /* AppView.swift */,
				BF2DB8A625541D0E00A304A7 /* AllPlacesSheet.swift */,
				BFD97B572550449E00FF23D4 /* PlacesList.swift */,
				BF2DB8AE255426A500A304A7 /* PlaceDetail.swift */,
				BFBD96222565BABB0091C0FE /* PlaceMap.swift */,
				BF6B1DA32573BAB900CF3FF0 /* BookmarksGrid.swift */,
				BF6B1DB42573C3DA00CF3FF0 /* BookmarksGridItem.swift */,
				BF0B88E6257546640036E0E0 /* BusyIcon.swift */,
				BF0B8901257556350036E0E0 /* BusyText.swift */,
				BF0B88F325754DD00036E0E0 /* MapView.swift */,
			);
			path = Views;
			sourceTree = "<group>";
		};
		BF30587C254F2C3C0087FDEA = {
			isa = PBXGroup;
			children = (
				BF305887254F2C3C0087FDEA /* BusyBuddy */,
				BF3058A1254F2C3E0087FDEA /* BusyBuddyTests */,
				BF3058AC254F2C3E0087FDEA /* BusyBuddyUITests */,
				BF305886254F2C3C0087FDEA /* Products */,
			);
			sourceTree = "<group>";
		};
		BF305886254F2C3C0087FDEA /* Products */ = {
			isa = PBXGroup;
			children = (
				BF305885254F2C3C0087FDEA /* BusyBuddy.app */,
				BF30589E254F2C3E0087FDEA /* BusyBuddyTests.xctest */,
				BF3058A9254F2C3E0087FDEA /* BusyBuddyUITests.xctest */,
			);
			name = Products;
			sourceTree = "<group>";
		};
		BF305887254F2C3C0087FDEA /* BusyBuddy */ = {
			isa = PBXGroup;
			children = (
				BF305888254F2C3C0087FDEA /* AppDelegate.swift */,
				BF30588A254F2C3C0087FDEA /* SceneDelegate.swift */,
				BF1EDF7B25516248006C900F /* Views */,
				BFD2D3872556B7CD00554869 /* BusyScore.swift */,
				BF3058BF254F2C640087FDEA /* TfLUnifiedAPI.swift */,
				BF3058C7254F2C7E0087FDEA /* Place.swift */,
				BF92211A256E6D7F0022CE80 /* PlacesCache.swift */,
				BF92212D256E78160022CE80 /* PlacesManager.swift */,
				BFAFD2E025540DB700972554 /* BookmarksManager.swift */,
				BF1EDF72255161FD006C900F /* UIImageUtils.swift */,
				BFBD960C2563FC610091C0FE /* BusyScoreCache.swift */,
				BFE3DAFD2556BE2800F10883 /* ImageCache.swift */,
				BF6B1DB92573C5C100CF3FF0 /* Colours.swift */,
				BF3058BE254F2C530087FDEA /* Core ML */,
				BF3058D4254F2E4C0087FDEA /* Core Data */,
				BF305893254F2C3E0087FDEA /* Preview Content */,
				BFC5A09F255453EF00CE2B80 /* Resources */,
				BF305891254F2C3E0087FDEA /* Assets.xcassets */,
				BF305899254F2C3E0087FDEA /* Info.plist */,
			);
			path = BusyBuddy;
			sourceTree = "<group>";
		};
		BF305893254F2C3E0087FDEA /* Preview Content */ = {
			isa = PBXGroup;
			children = (
				BF305894254F2C3E0087FDEA /* Preview Assets.xcassets */,
			);
			path = "Preview Content";
			sourceTree = "<group>";
		};
		BF3058A1254F2C3E0087FDEA /* BusyBuddyTests */ = {
			isa = PBXGroup;
			children = (
				BF3058A4254F2C3E0087FDEA /* Info.plist */,
				BF3058A2254F2C3E0087FDEA /* BusyBuddyTests.swift */,
				BF3058DF254F2E8E0087FDEA /* TfLUnifiedAPITests.swift */,
				BF3058E4254F44560087FDEA /* PlacesDataManagerTests.swift */,
				BFC5A08D25544A7100CE2B80 /* FavouritesTests.swift */,
				BFE3DB21255734C400F10883 /* ImageCacheTests.swift */,
				BFC5A0AD2554651F00CE2B80 /* YOLOTests.swift */,
			);
			path = BusyBuddyTests;
			sourceTree = "<group>";
		};
		BF3058AC254F2C3E0087FDEA /* BusyBuddyUITests */ = {
			isa = PBXGroup;
			children = (
				BF3058AD254F2C3E0087FDEA /* BusyBuddyUITests.swift */,
				BF3058AF254F2C3E0087FDEA /* Info.plist */,
			);
			path = BusyBuddyUITests;
			sourceTree = "<group>";
		};
		BF3058BE254F2C530087FDEA /* Core ML */ = {
			isa = PBXGroup;
			children = (
				BF1EDF472550B60F006C900F /* YOLOv3.mlmodel */,
				BF1EDF542550BB5A006C900F /* CoreMLModel.swift */,
				BF1EDF6A25515E94006C900F /* YOLO.swift */,
			);
			path = "Core ML";
			sourceTree = "<group>";
		};
		BF3058D4254F2E4C0087FDEA /* Core Data */ = {
			isa = PBXGroup;
			children = (
				BF3058D5254F2E590087FDEA /* CoreDataPlace+CoreDataClass.swift */,
				BF3058D6254F2E590087FDEA /* CoreDataPlace+CoreDataProperties.swift */,
				BF30588E254F2C3C0087FDEA /* BusyBuddy.xcdatamodeld */,
				BF3058E9254F49660087FDEA /* PersistenceManager.swift */,
				BF89E5EA254F51E500AA5336 /* PlacesDataManager.swift */,
			);
			path = "Core Data";
			sourceTree = "<group>";
		};
		BFC5A09F255453EF00CE2B80 /* Resources */ = {
			isa = PBXGroup;
			children = (
				BFE3DB2C255761CC00F10883 /* test_HorseferryRd_MarshamSt.jpg */,
				BFE3DB2D255761CC00F10883 /* test_OxfordSt_DaviesSt.jpg */,
				BFE3DB2E255761CC00F10883 /* test_UniversitySt_GowerSt.jpg */,
				BFC5A0A02554540E00CE2B80 /* ExamplePlace.swift */,
			);
			path = Resources;
			sourceTree = "<group>";
		};
/* End PBXGroup section */

/* Begin PBXNativeTarget section */
		BF305884254F2C3C0087FDEA /* BusyBuddy */ = {
			isa = PBXNativeTarget;
			buildConfigurationList = BF3058B2254F2C3E0087FDEA /* Build configuration list for PBXNativeTarget "BusyBuddy" */;
			buildPhases = (
				BF305881254F2C3C0087FDEA /* Sources */,
				BF305882254F2C3C0087FDEA /* Frameworks */,
				BF305883254F2C3C0087FDEA /* Resources */,
			);
			buildRules = (
			);
			dependencies = (
			);
			name = BusyBuddy;
			productName = BusyBuddy;
			productReference = BF305885254F2C3C0087FDEA /* BusyBuddy.app */;
			productType = "com.apple.product-type.application";
		};
		BF30589D254F2C3E0087FDEA /* BusyBuddyTests */ = {
			isa = PBXNativeTarget;
			buildConfigurationList = BF3058B5254F2C3E0087FDEA /* Build configuration list for PBXNativeTarget "BusyBuddyTests" */;
			buildPhases = (
				BF30589A254F2C3E0087FDEA /* Sources */,
				BF30589B254F2C3E0087FDEA /* Frameworks */,
				BF30589C254F2C3E0087FDEA /* Resources */,
			);
			buildRules = (
			);
			dependencies = (
				BF3058A0254F2C3E0087FDEA /* PBXTargetDependency */,
			);
			name = BusyBuddyTests;
			productName = BusyBuddyTests;
			productReference = BF30589E254F2C3E0087FDEA /* BusyBuddyTests.xctest */;
			productType = "com.apple.product-type.bundle.unit-test";
		};
		BF3058A8254F2C3E0087FDEA /* BusyBuddyUITests */ = {
			isa = PBXNativeTarget;
			buildConfigurationList = BF3058B8254F2C3E0087FDEA /* Build configuration list for PBXNativeTarget "BusyBuddyUITests" */;
			buildPhases = (
				BF3058A5254F2C3E0087FDEA /* Sources */,
				BF3058A6254F2C3E0087FDEA /* Frameworks */,
				BF3058A7254F2C3E0087FDEA /* Resources */,
			);
			buildRules = (
			);
			dependencies = (
				BF3058AB254F2C3E0087FDEA /* PBXTargetDependency */,
			);
			name = BusyBuddyUITests;
			productName = BusyBuddyUITests;
			productReference = BF3058A9254F2C3E0087FDEA /* BusyBuddyUITests.xctest */;
			productType = "com.apple.product-type.bundle.ui-testing";
		};
/* End PBXNativeTarget section */

/* Begin PBXProject section */
		BF30587D254F2C3C0087FDEA /* Project object */ = {
			isa = PBXProject;
			attributes = {
				LastSwiftUpdateCheck = 1210;
				LastUpgradeCheck = 1210;
				TargetAttributes = {
					BF305884254F2C3C0087FDEA = {
						CreatedOnToolsVersion = 12.1;
					};
					BF30589D254F2C3E0087FDEA = {
						CreatedOnToolsVersion = 12.1;
						TestTargetID = BF305884254F2C3C0087FDEA;
					};
					BF3058A8254F2C3E0087FDEA = {
						CreatedOnToolsVersion = 12.1;
						TestTargetID = BF305884254F2C3C0087FDEA;
					};
				};
			};
			buildConfigurationList = BF305880254F2C3C0087FDEA /* Build configuration list for PBXProject "BusyBuddy" */;
			compatibilityVersion = "Xcode 9.3";
			developmentRegion = en;
			hasScannedForEncodings = 0;
			knownRegions = (
				en,
				Base,
			);
			mainGroup = BF30587C254F2C3C0087FDEA;
			productRefGroup = BF305886254F2C3C0087FDEA /* Products */;
			projectDirPath = "";
			projectRoot = "";
			targets = (
				BF305884254F2C3C0087FDEA /* BusyBuddy */,
				BF30589D254F2C3E0087FDEA /* BusyBuddyTests */,
				BF3058A8254F2C3E0087FDEA /* BusyBuddyUITests */,
			);
		};
/* End PBXProject section */

/* Begin PBXResourcesBuildPhase section */
		BF305883254F2C3C0087FDEA /* Resources */ = {
			isa = PBXResourcesBuildPhase;
			buildActionMask = 2147483647;
			files = (
				BF305895254F2C3E0087FDEA /* Preview Assets.xcassets in Resources */,
				BFE3DB31255761CC00F10883 /* test_UniversitySt_GowerSt.jpg in Resources */,
				BFE3DB2F255761CC00F10883 /* test_HorseferryRd_MarshamSt.jpg in Resources */,
				BFE3DB30255761CC00F10883 /* test_OxfordSt_DaviesSt.jpg in Resources */,
				BF305892254F2C3E0087FDEA /* Assets.xcassets in Resources */,
			);
			runOnlyForDeploymentPostprocessing = 0;
		};
		BF30589C254F2C3E0087FDEA /* Resources */ = {
			isa = PBXResourcesBuildPhase;
			buildActionMask = 2147483647;
			files = (
			);
			runOnlyForDeploymentPostprocessing = 0;
		};
		BF3058A7254F2C3E0087FDEA /* Resources */ = {
			isa = PBXResourcesBuildPhase;
			buildActionMask = 2147483647;
			files = (
			);
			runOnlyForDeploymentPostprocessing = 0;
		};
/* End PBXResourcesBuildPhase section */

/* Begin PBXSourcesBuildPhase section */
		BF305881254F2C3C0087FDEA /* Sources */ = {
			isa = PBXSourcesBuildPhase;
			buildActionMask = 2147483647;
			files = (
				BFD2D3882556B7CE00554869 /* BusyScore.swift in Sources */,
				BF1EDF552550BB5A006C900F /* CoreMLModel.swift in Sources */,
				BF3058D7254F2E590087FDEA /* CoreDataPlace+CoreDataClass.swift in Sources */,
				BF1EDF482550B60F006C900F /* YOLOv3.mlmodel in Sources */,
				BF92211B256E6D7F0022CE80 /* PlacesCache.swift in Sources */,
				BFC5A0A12554540E00CE2B80 /* ExamplePlace.swift in Sources */,
				BF2DB8AF255426A500A304A7 /* PlaceDetail.swift in Sources */,
				BF92212E256E78160022CE80 /* PlacesManager.swift in Sources */,
				BFBD96232565BABB0091C0FE /* PlaceMap.swift in Sources */,
				BFD97B582550449E00FF23D4 /* PlacesList.swift in Sources */,
				BF0B88F425754DD00036E0E0 /* MapView.swift in Sources */,
				BF3058C0254F2C640087FDEA /* TfLUnifiedAPI.swift in Sources */,
				BFE3DAFE2556BE2800F10883 /* ImageCache.swift in Sources */,
				BFBD960D2563FC610091C0FE /* BusyScoreCache.swift in Sources */,
				BF1EDF73255161FD006C900F /* UIImageUtils.swift in Sources */,
				BF305889254F2C3C0087FDEA /* AppDelegate.swift in Sources */,
				BF6B1DBA2573C5C100CF3FF0 /* Colours.swift in Sources */,
				BF0B8902257556350036E0E0 /* BusyText.swift in Sources */,
				BF6B1DA42573BAB900CF3FF0 /* BookmarksGrid.swift in Sources */,
				BF3058D8254F2E590087FDEA /* CoreDataPlace+CoreDataProperties.swift in Sources */,
				BFAFD2E125540DB700972554 /* BookmarksManager.swift in Sources */,
				BF1EDF6B25515E94006C900F /* YOLO.swift in Sources */,
				BF3058EA254F49660087FDEA /* PersistenceManager.swift in Sources */,
				BF2DB8A725541D0E00A304A7 /* AllPlacesSheet.swift in Sources */,
				BF305890254F2C3C0087FDEA /* BusyBuddy.xcdatamodeld in Sources */,
				BF3058C8254F2C7E0087FDEA /* Place.swift in Sources */,
				BF6B1DB52573C3DA00CF3FF0 /* BookmarksGridItem.swift in Sources */,
				BF0B88E7257546640036E0E0 /* BusyIcon.swift in Sources */,
				BF30588B254F2C3C0087FDEA /* SceneDelegate.swift in Sources */,
				BF30588D254F2C3C0087FDEA /* AppView.swift in Sources */,
				BF89E5EB254F51E500AA5336 /* PlacesDataManager.swift in Sources */,
			);
			runOnlyForDeploymentPostprocessing = 0;
		};
		BF30589A254F2C3E0087FDEA /* Sources */ = {
			isa = PBXSourcesBuildPhase;
			buildActionMask = 2147483647;
			files = (
				BFC5A0AE2554651F00CE2B80 /* YOLOTests.swift in Sources */,
				BF3058E0254F2E8E0087FDEA /* TfLUnifiedAPITests.swift in Sources */,
				BF3058A3254F2C3E0087FDEA /* BusyBuddyTests.swift in Sources */,
				BF3058E5254F44560087FDEA /* PlacesDataManagerTests.swift in Sources */,
				BFE3DB22255734C400F10883 /* ImageCacheTests.swift in Sources */,
				BFC5A08E25544A7100CE2B80 /* FavouritesTests.swift in Sources */,
			);
			runOnlyForDeploymentPostprocessing = 0;
		};
		BF3058A5254F2C3E0087FDEA /* Sources */ = {
			isa = PBXSourcesBuildPhase;
			buildActionMask = 2147483647;
			files = (
				BF3058AE254F2C3E0087FDEA /* BusyBuddyUITests.swift in Sources */,
			);
			runOnlyForDeploymentPostprocessing = 0;
		};
/* End PBXSourcesBuildPhase section */

/* Begin PBXTargetDependency section */
		BF3058A0254F2C3E0087FDEA /* PBXTargetDependency */ = {
			isa = PBXTargetDependency;
			target = BF305884254F2C3C0087FDEA /* BusyBuddy */;
			targetProxy = BF30589F254F2C3E0087FDEA /* PBXContainerItemProxy */;
		};
		BF3058AB254F2C3E0087FDEA /* PBXTargetDependency */ = {
			isa = PBXTargetDependency;
			target = BF305884254F2C3C0087FDEA /* BusyBuddy */;
			targetProxy = BF3058AA254F2C3E0087FDEA /* PBXContainerItemProxy */;
		};
/* End PBXTargetDependency section */

/* Begin XCBuildConfiguration section */
		BF3058B0254F2C3E0087FDEA /* Debug */ = {
			isa = XCBuildConfiguration;
			buildSettings = {
				ALWAYS_SEARCH_USER_PATHS = NO;
				CLANG_ANALYZER_NONNULL = YES;
				CLANG_ANALYZER_NUMBER_OBJECT_CONVERSION = YES_AGGRESSIVE;
				CLANG_CXX_LANGUAGE_STANDARD = "gnu++14";
				CLANG_CXX_LIBRARY = "libc++";
				CLANG_ENABLE_MODULES = YES;
				CLANG_ENABLE_OBJC_ARC = YES;
				CLANG_ENABLE_OBJC_WEAK = YES;
				CLANG_WARN_BLOCK_CAPTURE_AUTORELEASING = YES;
				CLANG_WARN_BOOL_CONVERSION = YES;
				CLANG_WARN_COMMA = YES;
				CLANG_WARN_CONSTANT_CONVERSION = YES;
				CLANG_WARN_DEPRECATED_OBJC_IMPLEMENTATIONS = YES;
				CLANG_WARN_DIRECT_OBJC_ISA_USAGE = YES_ERROR;
				CLANG_WARN_DOCUMENTATION_COMMENTS = YES;
				CLANG_WARN_EMPTY_BODY = YES;
				CLANG_WARN_ENUM_CONVERSION = YES;
				CLANG_WARN_INFINITE_RECURSION = YES;
				CLANG_WARN_INT_CONVERSION = YES;
				CLANG_WARN_NON_LITERAL_NULL_CONVERSION = YES;
				CLANG_WARN_OBJC_IMPLICIT_RETAIN_SELF = YES;
				CLANG_WARN_OBJC_LITERAL_CONVERSION = YES;
				CLANG_WARN_OBJC_ROOT_CLASS = YES_ERROR;
				CLANG_WARN_QUOTED_INCLUDE_IN_FRAMEWORK_HEADER = YES;
				CLANG_WARN_RANGE_LOOP_ANALYSIS = YES;
				CLANG_WARN_STRICT_PROTOTYPES = YES;
				CLANG_WARN_SUSPICIOUS_MOVE = YES;
				CLANG_WARN_UNGUARDED_AVAILABILITY = YES_AGGRESSIVE;
				CLANG_WARN_UNREACHABLE_CODE = YES;
				CLANG_WARN__DUPLICATE_METHOD_MATCH = YES;
				COPY_PHASE_STRIP = NO;
				DEBUG_INFORMATION_FORMAT = dwarf;
				ENABLE_STRICT_OBJC_MSGSEND = YES;
				ENABLE_TESTABILITY = YES;
				GCC_C_LANGUAGE_STANDARD = gnu11;
				GCC_DYNAMIC_NO_PIC = NO;
				GCC_NO_COMMON_BLOCKS = YES;
				GCC_OPTIMIZATION_LEVEL = 0;
				GCC_PREPROCESSOR_DEFINITIONS = (
					"DEBUG=1",
					"$(inherited)",
				);
				GCC_WARN_64_TO_32_BIT_CONVERSION = YES;
				GCC_WARN_ABOUT_RETURN_TYPE = YES_ERROR;
				GCC_WARN_UNDECLARED_SELECTOR = YES;
				GCC_WARN_UNINITIALIZED_AUTOS = YES_AGGRESSIVE;
				GCC_WARN_UNUSED_FUNCTION = YES;
				GCC_WARN_UNUSED_VARIABLE = YES;
				IPHONEOS_DEPLOYMENT_TARGET = 14.1;
				MTL_ENABLE_DEBUG_INFO = INCLUDE_SOURCE;
				MTL_FAST_MATH = YES;
				ONLY_ACTIVE_ARCH = YES;
				SDKROOT = iphoneos;
				SWIFT_ACTIVE_COMPILATION_CONDITIONS = DEBUG;
				SWIFT_OPTIMIZATION_LEVEL = "-Onone";
				TFL_API_KEY = 315c8cac0a0c4335b847845e643b6778;
			};
			name = Debug;
		};
		BF3058B1254F2C3E0087FDEA /* Release */ = {
			isa = XCBuildConfiguration;
			buildSettings = {
				ALWAYS_SEARCH_USER_PATHS = NO;
				CLANG_ANALYZER_NONNULL = YES;
				CLANG_ANALYZER_NUMBER_OBJECT_CONVERSION = YES_AGGRESSIVE;
				CLANG_CXX_LANGUAGE_STANDARD = "gnu++14";
				CLANG_CXX_LIBRARY = "libc++";
				CLANG_ENABLE_MODULES = YES;
				CLANG_ENABLE_OBJC_ARC = YES;
				CLANG_ENABLE_OBJC_WEAK = YES;
				CLANG_WARN_BLOCK_CAPTURE_AUTORELEASING = YES;
				CLANG_WARN_BOOL_CONVERSION = YES;
				CLANG_WARN_COMMA = YES;
				CLANG_WARN_CONSTANT_CONVERSION = YES;
				CLANG_WARN_DEPRECATED_OBJC_IMPLEMENTATIONS = YES;
				CLANG_WARN_DIRECT_OBJC_ISA_USAGE = YES_ERROR;
				CLANG_WARN_DOCUMENTATION_COMMENTS = YES;
				CLANG_WARN_EMPTY_BODY = YES;
				CLANG_WARN_ENUM_CONVERSION = YES;
				CLANG_WARN_INFINITE_RECURSION = YES;
				CLANG_WARN_INT_CONVERSION = YES;
				CLANG_WARN_NON_LITERAL_NULL_CONVERSION = YES;
				CLANG_WARN_OBJC_IMPLICIT_RETAIN_SELF = YES;
				CLANG_WARN_OBJC_LITERAL_CONVERSION = YES;
				CLANG_WARN_OBJC_ROOT_CLASS = YES_ERROR;
				CLANG_WARN_QUOTED_INCLUDE_IN_FRAMEWORK_HEADER = YES;
				CLANG_WARN_RANGE_LOOP_ANALYSIS = YES;
				CLANG_WARN_STRICT_PROTOTYPES = YES;
				CLANG_WARN_SUSPICIOUS_MOVE = YES;
				CLANG_WARN_UNGUARDED_AVAILABILITY = YES_AGGRESSIVE;
				CLANG_WARN_UNREACHABLE_CODE = YES;
				CLANG_WARN__DUPLICATE_METHOD_MATCH = YES;
				COPY_PHASE_STRIP = NO;
				DEBUG_INFORMATION_FORMAT = "dwarf-with-dsym";
				ENABLE_NS_ASSERTIONS = NO;
				ENABLE_STRICT_OBJC_MSGSEND = YES;
				GCC_C_LANGUAGE_STANDARD = gnu11;
				GCC_NO_COMMON_BLOCKS = YES;
				GCC_WARN_64_TO_32_BIT_CONVERSION = YES;
				GCC_WARN_ABOUT_RETURN_TYPE = YES_ERROR;
				GCC_WARN_UNDECLARED_SELECTOR = YES;
				GCC_WARN_UNINITIALIZED_AUTOS = YES_AGGRESSIVE;
				GCC_WARN_UNUSED_FUNCTION = YES;
				GCC_WARN_UNUSED_VARIABLE = YES;
				IPHONEOS_DEPLOYMENT_TARGET = 14.1;
				MTL_ENABLE_DEBUG_INFO = NO;
				MTL_FAST_MATH = YES;
				SDKROOT = iphoneos;
				SWIFT_COMPILATION_MODE = wholemodule;
				SWIFT_OPTIMIZATION_LEVEL = "-O";
				TFL_API_KEY = 315c8cac0a0c4335b847845e643b6778;
				VALIDATE_PRODUCT = YES;
			};
			name = Release;
		};
		BF3058B3254F2C3E0087FDEA /* Debug */ = {
			isa = XCBuildConfiguration;
			buildSettings = {
				ASSETCATALOG_COMPILER_APPICON_NAME = AppIcon;
				ASSETCATALOG_COMPILER_GLOBAL_ACCENT_COLOR_NAME = AccentColor;
				CODE_SIGN_STYLE = Automatic;
				DEVELOPMENT_ASSET_PATHS = "\"BusyBuddy/Preview Content\"";
				DEVELOPMENT_TEAM = Z59VU7JW5V;
				ENABLE_PREVIEWS = YES;
				INFOPLIST_FILE = BusyBuddy/Info.plist;
				LD_RUNPATH_SEARCH_PATHS = (
					"$(inherited)",
					"@executable_path/Frameworks",
				);
				PRODUCT_BUNDLE_IDENTIFIER = com.zcabrmy.BusyBuddy;
				PRODUCT_NAME = "$(TARGET_NAME)";
				SWIFT_VERSION = 5.0;
				TARGETED_DEVICE_FAMILY = "1,2";
			};
			name = Debug;
		};
		BF3058B4254F2C3E0087FDEA /* Release */ = {
			isa = XCBuildConfiguration;
			buildSettings = {
				ASSETCATALOG_COMPILER_APPICON_NAME = AppIcon;
				ASSETCATALOG_COMPILER_GLOBAL_ACCENT_COLOR_NAME = AccentColor;
				CODE_SIGN_STYLE = Automatic;
				DEVELOPMENT_ASSET_PATHS = "\"BusyBuddy/Preview Content\"";
				DEVELOPMENT_TEAM = Z59VU7JW5V;
				ENABLE_PREVIEWS = YES;
				INFOPLIST_FILE = BusyBuddy/Info.plist;
				LD_RUNPATH_SEARCH_PATHS = (
					"$(inherited)",
					"@executable_path/Frameworks",
				);
				PRODUCT_BUNDLE_IDENTIFIER = com.zcabrmy.BusyBuddy;
				PRODUCT_NAME = "$(TARGET_NAME)";
				SWIFT_VERSION = 5.0;
				TARGETED_DEVICE_FAMILY = "1,2";
			};
			name = Release;
		};
		BF3058B6254F2C3E0087FDEA /* Debug */ = {
			isa = XCBuildConfiguration;
			buildSettings = {
				ALWAYS_EMBED_SWIFT_STANDARD_LIBRARIES = YES;
				BUNDLE_LOADER = "$(TEST_HOST)";
				CODE_SIGN_STYLE = Automatic;
				INFOPLIST_FILE = BusyBuddyTests/Info.plist;
				IPHONEOS_DEPLOYMENT_TARGET = 14.1;
				LD_RUNPATH_SEARCH_PATHS = (
					"$(inherited)",
					"@executable_path/Frameworks",
					"@loader_path/Frameworks",
				);
				PRODUCT_BUNDLE_IDENTIFIER = com.zcabrmy.BusyBuddyTests;
				PRODUCT_NAME = "$(TARGET_NAME)";
				SWIFT_VERSION = 5.0;
				TARGETED_DEVICE_FAMILY = "1,2";
				TEST_HOST = "$(BUILT_PRODUCTS_DIR)/BusyBuddy.app/BusyBuddy";
			};
			name = Debug;
		};
		BF3058B7254F2C3E0087FDEA /* Release */ = {
			isa = XCBuildConfiguration;
			buildSettings = {
				ALWAYS_EMBED_SWIFT_STANDARD_LIBRARIES = YES;
				BUNDLE_LOADER = "$(TEST_HOST)";
				CODE_SIGN_STYLE = Automatic;
				INFOPLIST_FILE = BusyBuddyTests/Info.plist;
				IPHONEOS_DEPLOYMENT_TARGET = 14.1;
				LD_RUNPATH_SEARCH_PATHS = (
					"$(inherited)",
					"@executable_path/Frameworks",
					"@loader_path/Frameworks",
				);
				PRODUCT_BUNDLE_IDENTIFIER = com.zcabrmy.BusyBuddyTests;
				PRODUCT_NAME = "$(TARGET_NAME)";
				SWIFT_VERSION = 5.0;
				TARGETED_DEVICE_FAMILY = "1,2";
				TEST_HOST = "$(BUILT_PRODUCTS_DIR)/BusyBuddy.app/BusyBuddy";
			};
			name = Release;
		};
		BF3058B9254F2C3E0087FDEA /* Debug */ = {
			isa = XCBuildConfiguration;
			buildSettings = {
				ALWAYS_EMBED_SWIFT_STANDARD_LIBRARIES = YES;
				CODE_SIGN_STYLE = Automatic;
				INFOPLIST_FILE = BusyBuddyUITests/Info.plist;
				LD_RUNPATH_SEARCH_PATHS = (
					"$(inherited)",
					"@executable_path/Frameworks",
					"@loader_path/Frameworks",
				);
				PRODUCT_BUNDLE_IDENTIFIER = com.zcabrmy.BusyBuddyUITests;
				PRODUCT_NAME = "$(TARGET_NAME)";
				SWIFT_VERSION = 5.0;
				TARGETED_DEVICE_FAMILY = "1,2";
				TEST_TARGET_NAME = BusyBuddy;
			};
			name = Debug;
		};
		BF3058BA254F2C3E0087FDEA /* Release */ = {
			isa = XCBuildConfiguration;
			buildSettings = {
				ALWAYS_EMBED_SWIFT_STANDARD_LIBRARIES = YES;
				CODE_SIGN_STYLE = Automatic;
				INFOPLIST_FILE = BusyBuddyUITests/Info.plist;
				LD_RUNPATH_SEARCH_PATHS = (
					"$(inherited)",
					"@executable_path/Frameworks",
					"@loader_path/Frameworks",
				);
				PRODUCT_BUNDLE_IDENTIFIER = com.zcabrmy.BusyBuddyUITests;
				PRODUCT_NAME = "$(TARGET_NAME)";
				SWIFT_VERSION = 5.0;
				TARGETED_DEVICE_FAMILY = "1,2";
				TEST_TARGET_NAME = BusyBuddy;
			};
			name = Release;
		};
/* End XCBuildConfiguration section */

/* Begin XCConfigurationList section */
		BF305880254F2C3C0087FDEA /* Build configuration list for PBXProject "BusyBuddy" */ = {
			isa = XCConfigurationList;
			buildConfigurations = (
				BF3058B0254F2C3E0087FDEA /* Debug */,
				BF3058B1254F2C3E0087FDEA /* Release */,
			);
			defaultConfigurationIsVisible = 0;
			defaultConfigurationName = Release;
		};
		BF3058B2254F2C3E0087FDEA /* Build configuration list for PBXNativeTarget "BusyBuddy" */ = {
			isa = XCConfigurationList;
			buildConfigurations = (
				BF3058B3254F2C3E0087FDEA /* Debug */,
				BF3058B4254F2C3E0087FDEA /* Release */,
			);
			defaultConfigurationIsVisible = 0;
			defaultConfigurationName = Release;
		};
		BF3058B5254F2C3E0087FDEA /* Build configuration list for PBXNativeTarget "BusyBuddyTests" */ = {
			isa = XCConfigurationList;
			buildConfigurations = (
				BF3058B6254F2C3E0087FDEA /* Debug */,
				BF3058B7254F2C3E0087FDEA /* Release */,
			);
			defaultConfigurationIsVisible = 0;
			defaultConfigurationName = Release;
		};
		BF3058B8254F2C3E0087FDEA /* Build configuration list for PBXNativeTarget "BusyBuddyUITests" */ = {
			isa = XCConfigurationList;
			buildConfigurations = (
				BF3058B9254F2C3E0087FDEA /* Debug */,
				BF3058BA254F2C3E0087FDEA /* Release */,
			);
			defaultConfigurationIsVisible = 0;
			defaultConfigurationName = Release;
		};
/* End XCConfigurationList section */

/* Begin XCVersionGroup section */
		BF30588E254F2C3C0087FDEA /* BusyBuddy.xcdatamodeld */ = {
			isa = XCVersionGroup;
			children = (
				BF30588F254F2C3C0087FDEA /* BusyBuddy.xcdatamodel */,
			);
			currentVersion = BF30588F254F2C3C0087FDEA /* BusyBuddy.xcdatamodel */;
			path = BusyBuddy.xcdatamodeld;
			sourceTree = "<group>";
			versionGroupType = wrapper.xcdatamodel;
		};
/* End XCVersionGroup section */
	};
	rootObject = BF30587D254F2C3C0087FDEA /* Project object */;
}
