// !$*UTF8*$!
{
	archiveVersion = 1;
	classes = {
	};
	objectVersion = 50;
	objects = {

/* Begin PBXBuildFile section */
		BF0B88F425754DD00036E0E0 /* MapView.swift in Sources */ = {isa = PBXBuildFile; fileRef = BF0B88F325754DD00036E0E0 /* MapView.swift */; };
		BF1B84922598ABEC00EC912D /* WidgetKit.framework in Frameworks */ = {isa = PBXBuildFile; fileRef = BFABB53D2598A63600106605 /* WidgetKit.framework */; };
		BF1B84932598ABEC00EC912D /* SwiftUI.framework in Frameworks */ = {isa = PBXBuildFile; fileRef = BFABB53F2598A63600106605 /* SwiftUI.framework */; };
		BF1B84962598ABEC00EC912D /* BusyWidgets.swift in Sources */ = {isa = PBXBuildFile; fileRef = BF1B84952598ABEC00EC912D /* BusyWidgets.swift */; };
		BF1B84992598ABEF00EC912D /* Assets.xcassets in Resources */ = {isa = PBXBuildFile; fileRef = BF1B84982598ABEF00EC912D /* Assets.xcassets */; };
		BF1B849F2598ABEF00EC912D /* BusyWidgetsExtension.appex in Embed App Extensions */ = {isa = PBXBuildFile; fileRef = BF1B84912598ABEC00EC912D /* BusyWidgetsExtension.appex */; settings = {ATTRIBUTES = (RemoveHeadersOnCopy, ); }; };
		BF1EDF552550BB5A006C900F /* BusyModel.swift in Sources */ = {isa = PBXBuildFile; fileRef = BF1EDF542550BB5A006C900F /* BusyModel.swift */; };
		BF1EDF6B25515E94006C900F /* YOLO.swift in Sources */ = {isa = PBXBuildFile; fileRef = BF1EDF6A25515E94006C900F /* YOLO.swift */; };
		BF28F28F26309C4000FD6515 /* CreateMLModelv6.swift in Sources */ = {isa = PBXBuildFile; fileRef = BF28F28E26309C4000FD6515 /* CreateMLModelv6.swift */; };
		BF28F29126309C4000FD6515 /* CreateMLModelv6.swift in Sources */ = {isa = PBXBuildFile; fileRef = BF28F28E26309C4000FD6515 /* CreateMLModelv6.swift */; };
		BF2DB8A725541D0E00A304A7 /* AllJamCamsSheet.swift in Sources */ = {isa = PBXBuildFile; fileRef = BF2DB8A625541D0E00A304A7 /* AllJamCamsSheet.swift */; };
		BF2DB8AF255426A500A304A7 /* PlaceDetail.swift in Sources */ = {isa = PBXBuildFile; fileRef = BF2DB8AE255426A500A304A7 /* PlaceDetail.swift */; };
		BF30588D254F2C3C0087FDEA /* AppView.swift in Sources */ = {isa = PBXBuildFile; fileRef = BF30588C254F2C3C0087FDEA /* AppView.swift */; };
		BF305892254F2C3E0087FDEA /* Assets.xcassets in Resources */ = {isa = PBXBuildFile; fileRef = BF305891254F2C3E0087FDEA /* Assets.xcassets */; };
		BF305895254F2C3E0087FDEA /* Preview Assets.xcassets in Resources */ = {isa = PBXBuildFile; fileRef = BF305894254F2C3E0087FDEA /* Preview Assets.xcassets */; };
		BF3058A3254F2C3E0087FDEA /* BusyBuddyTests.swift in Sources */ = {isa = PBXBuildFile; fileRef = BF3058A2254F2C3E0087FDEA /* BusyBuddyTests.swift */; };
		BF3058C0254F2C640087FDEA /* TfLUnifiedAPIClient.swift in Sources */ = {isa = PBXBuildFile; fileRef = BF3058BF254F2C640087FDEA /* TfLUnifiedAPIClient.swift */; };
		BF3058C8254F2C7E0087FDEA /* JamCam.swift in Sources */ = {isa = PBXBuildFile; fileRef = BF3058C7254F2C7E0087FDEA /* JamCam.swift */; };
		BF3058E0254F2E8E0087FDEA /* TfLUnifiedAPITests.swift in Sources */ = {isa = PBXBuildFile; fileRef = BF3058DF254F2E8E0087FDEA /* TfLUnifiedAPITests.swift */; };
		BF37526E25BD9FB800888E73 /* MockObjects.swift in Sources */ = {isa = PBXBuildFile; fileRef = BF37526D25BD9FB800888E73 /* MockObjects.swift */; };
		BF37529325BDB1C800888E73 /* JamCamsCacheTests.swift in Sources */ = {isa = PBXBuildFile; fileRef = BF37529225BDB1C800888E73 /* JamCamsCacheTests.swift */; };
		BF3ACD2C25D4156E0078E013 /* JamCamsModelTests.swift in Sources */ = {isa = PBXBuildFile; fileRef = BF3ACD2B25D4156E0078E013 /* JamCamsModelTests.swift */; };
		BF42D83F259CA0B7004DBE86 /* BusyWidgetView.swift in Sources */ = {isa = PBXBuildFile; fileRef = BF42D83E259CA0B7004DBE86 /* BusyWidgetView.swift */; };
		BF63A68025A9A76D00F3C9F4 /* CreateMLClassifierv6.mlmodel in Sources */ = {isa = PBXBuildFile; fileRef = BF700FC125A7406A008AE90B /* CreateMLClassifierv6.mlmodel */; };
		BF6B1DA42573BAB900CF3FF0 /* BookmarksGrid.swift in Sources */ = {isa = PBXBuildFile; fileRef = BF6B1DA32573BAB900CF3FF0 /* BookmarksGrid.swift */; };
		BF6B1DB52573C3DA00CF3FF0 /* BookmarksGridItem.swift in Sources */ = {isa = PBXBuildFile; fileRef = BF6B1DB42573C3DA00CF3FF0 /* BookmarksGridItem.swift */; };
		BF6B1DBA2573C5C100CF3FF0 /* Colours.swift in Sources */ = {isa = PBXBuildFile; fileRef = BF6B1DB92573C5C100CF3FF0 /* Colours.swift */; };
		BF6BD0DB25A0894D0014DF2D /* JamCam.swift in Sources */ = {isa = PBXBuildFile; fileRef = BF3058C7254F2C7E0087FDEA /* JamCam.swift */; };
		BF6BD0E625A089670014DF2D /* BusyScore.swift in Sources */ = {isa = PBXBuildFile; fileRef = BFD2D3872556B7CD00554869 /* BusyScore.swift */; };
		BF700FC325A7406A008AE90B /* CreateMLClassifierv6.mlmodel in Sources */ = {isa = PBXBuildFile; fileRef = BF700FC125A7406A008AE90B /* CreateMLClassifierv6.mlmodel */; };
		BF74AE28259C90AE0062EAB2 /* ImageLoader.swift in Sources */ = {isa = PBXBuildFile; fileRef = BF89439E259C8BD80009582A /* ImageLoader.swift */; };
		BF7C4F1E25A49FE700F1247D /* AppState.swift in Sources */ = {isa = PBXBuildFile; fileRef = BF7C4F1D25A49FE700F1247D /* AppState.swift */; };
		BF7ECC1325ED1F5B004AC50D /* SearchBar.swift in Sources */ = {isa = PBXBuildFile; fileRef = BF7ECC1225ED1F5B004AC50D /* SearchBar.swift */; };
		BF807EA82631CCB7002E6828 /* ML.swift in Sources */ = {isa = PBXBuildFile; fileRef = BF807EA72631CCB7002E6828 /* ML.swift */; };
		BF807EB32631CCDB002E6828 /* ML.swift in Sources */ = {isa = PBXBuildFile; fileRef = BF807EA72631CCB7002E6828 /* ML.swift */; };
		BF88F9B0261EFE7A00DC5DF4 /* ResNet-50.mlmodel in Sources */ = {isa = PBXBuildFile; fileRef = BF88F9AD261EFE7900DC5DF4 /* ResNet-50.mlmodel */; };
		BF88F9B1261EFE7A00DC5DF4 /* ResNet-50.mlmodel in Sources */ = {isa = PBXBuildFile; fileRef = BF88F9AD261EFE7900DC5DF4 /* ResNet-50.mlmodel */; };
		BF88F9B3261EFE7A00DC5DF4 /* VisionFeaturePrint_Scene.mlmodel in Sources */ = {isa = PBXBuildFile; fileRef = BF88F9AE261EFE7900DC5DF4 /* VisionFeaturePrint_Scene.mlmodel */; };
		BF88F9B4261EFE7A00DC5DF4 /* VisionFeaturePrint_Scene.mlmodel in Sources */ = {isa = PBXBuildFile; fileRef = BF88F9AE261EFE7900DC5DF4 /* VisionFeaturePrint_Scene.mlmodel */; };
		BF88F9B6261EFE7A00DC5DF4 /* SqueezeNet_v1.1.mlmodel in Sources */ = {isa = PBXBuildFile; fileRef = BF88F9AF261EFE7A00DC5DF4 /* SqueezeNet_v1.1.mlmodel */; };
		BF88F9B7261EFE7A00DC5DF4 /* SqueezeNet_v1.1.mlmodel in Sources */ = {isa = PBXBuildFile; fileRef = BF88F9AF261EFE7A00DC5DF4 /* SqueezeNet_v1.1.mlmodel */; };
		BF88F9C9261F000D00DC5DF4 /* TuriCreateImageClassifier.swift in Sources */ = {isa = PBXBuildFile; fileRef = BF88F9C8261F000D00DC5DF4 /* TuriCreateImageClassifier.swift */; };
		BF88F9CA261F000D00DC5DF4 /* TuriCreateImageClassifier.swift in Sources */ = {isa = PBXBuildFile; fileRef = BF88F9C8261F000D00DC5DF4 /* TuriCreateImageClassifier.swift */; };
		BF89432D259C7E990009582A /* JamCam.swift in Sources */ = {isa = PBXBuildFile; fileRef = BF3058C7254F2C7E0087FDEA /* JamCam.swift */; };
		BF894332259C7E9D0009582A /* BusyScore.swift in Sources */ = {isa = PBXBuildFile; fileRef = BFD2D3872556B7CD00554869 /* BusyScore.swift */; };
		BF894337259C7EA40009582A /* Colours.swift in Sources */ = {isa = PBXBuildFile; fileRef = BF6B1DB92573C5C100CF3FF0 /* Colours.swift */; };
		BF894346259C7EAE0009582A /* JamCamsManager.swift in Sources */ = {isa = PBXBuildFile; fileRef = BF92212D256E78160022CE80 /* JamCamsManager.swift */; };
		BF89434B259C7EB20009582A /* JamCamsCache.swift in Sources */ = {isa = PBXBuildFile; fileRef = BF92211A256E6D7F0022CE80 /* JamCamsCache.swift */; };
		BF894350259C7EB50009582A /* NetworkClient.swift in Sources */ = {isa = PBXBuildFile; fileRef = BFACD8232591CCA400940D50 /* NetworkClient.swift */; };
		BF894355259C7EB70009582A /* TfLUnifiedAPIClient.swift in Sources */ = {isa = PBXBuildFile; fileRef = BF3058BF254F2C640087FDEA /* TfLUnifiedAPIClient.swift */; };
		BF89435A259C7EC00009582A /* YOLO.swift in Sources */ = {isa = PBXBuildFile; fileRef = BF1EDF6A25515E94006C900F /* YOLO.swift */; };
		BF89435F259C7EC20009582A /* BusyModel.swift in Sources */ = {isa = PBXBuildFile; fileRef = BF1EDF542550BB5A006C900F /* BusyModel.swift */; };
		BF89436D259C7F4A0009582A /* Assets.xcassets in Resources */ = {isa = PBXBuildFile; fileRef = BF305891254F2C3E0087FDEA /* Assets.xcassets */; };
		BF894374259C81FF0009582A /* BusyEntry.swift in Sources */ = {isa = PBXBuildFile; fileRef = BF894372259C81FF0009582A /* BusyEntry.swift */; };
		BF89438C259C88D60009582A /* BusyTimeline.swift in Sources */ = {isa = PBXBuildFile; fileRef = BF89438B259C88D60009582A /* BusyTimeline.swift */; };
		BF894399259C89640009582A /* ExampleJamCams.swift in Sources */ = {isa = PBXBuildFile; fileRef = BFC5A0A02554540E00CE2B80 /* ExampleJamCams.swift */; };
		BF89439F259C8BD80009582A /* ImageLoader.swift in Sources */ = {isa = PBXBuildFile; fileRef = BF89439E259C8BD80009582A /* ImageLoader.swift */; };
		BF90248225CF3971001B1E80 /* BusyIcon.swift in Sources */ = {isa = PBXBuildFile; fileRef = BF90248025CF3971001B1E80 /* BusyIcon.swift */; };
		BF90248425CF3971001B1E80 /* BusyIcon.swift in Sources */ = {isa = PBXBuildFile; fileRef = BF90248025CF3971001B1E80 /* BusyIcon.swift */; };
		BF90248525CF3971001B1E80 /* BusyText.swift in Sources */ = {isa = PBXBuildFile; fileRef = BF90248125CF3971001B1E80 /* BusyText.swift */; };
		BF90248725CF3971001B1E80 /* BusyText.swift in Sources */ = {isa = PBXBuildFile; fileRef = BF90248125CF3971001B1E80 /* BusyText.swift */; };
		BF92211B256E6D7F0022CE80 /* JamCamsCache.swift in Sources */ = {isa = PBXBuildFile; fileRef = BF92211A256E6D7F0022CE80 /* JamCamsCache.swift */; };
		BF92212E256E78160022CE80 /* JamCamsManager.swift in Sources */ = {isa = PBXBuildFile; fileRef = BF92212D256E78160022CE80 /* JamCamsManager.swift */; };
		BF977A43259CCA2D00BC6896 /* YOLOv3.mlmodel in Sources */ = {isa = PBXBuildFile; fileRef = BF977A42259CCA2D00BC6896 /* YOLOv3.mlmodel */; };
		BF977A44259CCA2D00BC6896 /* YOLOv3.mlmodel in Sources */ = {isa = PBXBuildFile; fileRef = BF977A42259CCA2D00BC6896 /* YOLOv3.mlmodel */; };
		BFAAEE1E25CD98B700F4DF77 /* SettingsView.swift in Sources */ = {isa = PBXBuildFile; fileRef = BFAAEE1D25CD98B700F4DF77 /* SettingsView.swift */; };
		BFACD8242591CCA400940D50 /* NetworkClient.swift in Sources */ = {isa = PBXBuildFile; fileRef = BFACD8232591CCA400940D50 /* NetworkClient.swift */; };
		BFAFBC6325F5538800E62CBD /* Main.swift in Sources */ = {isa = PBXBuildFile; fileRef = BFAFBC6225F5538800E62CBD /* Main.swift */; };
		BFBD96232565BABB0091C0FE /* PlaceMap.swift in Sources */ = {isa = PBXBuildFile; fileRef = BFBD96222565BABB0091C0FE /* PlaceMap.swift */; };
		BFC5A0A12554540E00CE2B80 /* ExampleJamCams.swift in Sources */ = {isa = PBXBuildFile; fileRef = BFC5A0A02554540E00CE2B80 /* ExampleJamCams.swift */; };
		BFC7354B2600D56300FFA306 /* LocationModel.swift in Sources */ = {isa = PBXBuildFile; fileRef = BFC7354A2600D56300FFA306 /* LocationModel.swift */; };
		BFC73D0725A085EC0003413E /* Intents.framework in Frameworks */ = {isa = PBXBuildFile; fileRef = BFC73CC325A084080003413E /* Intents.framework */; };
		BFC73D0A25A085EC0003413E /* IntentHandler.swift in Sources */ = {isa = PBXBuildFile; fileRef = BFC73D0925A085EC0003413E /* IntentHandler.swift */; };
		BFC73D0E25A085EC0003413E /* JamCamIntent.appex in Embed App Extensions */ = {isa = PBXBuildFile; fileRef = BFC73D0625A085EC0003413E /* JamCamIntent.appex */; settings = {ATTRIBUTES = (RemoveHeadersOnCopy, ); }; };
		BFC73D5C25A088000003413E /* SelectJamCamIntent.intentdefinition in Sources */ = {isa = PBXBuildFile; fileRef = BFC73D5B25A088000003413E /* SelectJamCamIntent.intentdefinition */; };
		BFC73D5D25A088000003413E /* SelectJamCamIntent.intentdefinition in Sources */ = {isa = PBXBuildFile; fileRef = BFC73D5B25A088000003413E /* SelectJamCamIntent.intentdefinition */; };
		BFC73D5E25A088000003413E /* SelectJamCamIntent.intentdefinition in Sources */ = {isa = PBXBuildFile; fileRef = BFC73D5B25A088000003413E /* SelectJamCamIntent.intentdefinition */; };
		BFCEE1502631C01700A4C8B6 /* JamCamTests.swift in Sources */ = {isa = PBXBuildFile; fileRef = BFCEE14F2631C01700A4C8B6 /* JamCamTests.swift */; };
		BFD2D3882556B7CE00554869 /* BusyScore.swift in Sources */ = {isa = PBXBuildFile; fileRef = BFD2D3872556B7CD00554869 /* BusyScore.swift */; };
		BFD97B582550449E00FF23D4 /* JamCamsList.swift in Sources */ = {isa = PBXBuildFile; fileRef = BFD97B572550449E00FF23D4 /* JamCamsList.swift */; };
		BFF1EE0E2577ECC00010981B /* ImageView.swift in Sources */ = {isa = PBXBuildFile; fileRef = BFF1EE0D2577ECC00010981B /* ImageView.swift */; };
/* End PBXBuildFile section */

/* Begin PBXContainerItemProxy section */
		BF1B849D2598ABEF00EC912D /* PBXContainerItemProxy */ = {
			isa = PBXContainerItemProxy;
			containerPortal = BF30587D254F2C3C0087FDEA /* Project object */;
			proxyType = 1;
			remoteGlobalIDString = BF1B84902598ABEC00EC912D;
			remoteInfo = BusyWidgetsExtension;
		};
		BF30589F254F2C3E0087FDEA /* PBXContainerItemProxy */ = {
			isa = PBXContainerItemProxy;
			containerPortal = BF30587D254F2C3C0087FDEA /* Project object */;
			proxyType = 1;
			remoteGlobalIDString = BF305884254F2C3C0087FDEA;
			remoteInfo = BusyBuddy;
		};
		BFC73D0C25A085EC0003413E /* PBXContainerItemProxy */ = {
			isa = PBXContainerItemProxy;
			containerPortal = BF30587D254F2C3C0087FDEA /* Project object */;
			proxyType = 1;
			remoteGlobalIDString = BFC73D0525A085EC0003413E;
			remoteInfo = PlaceIntent;
		};
/* End PBXContainerItemProxy section */

/* Begin PBXCopyFilesBuildPhase section */
		BF1B84A32598ABEF00EC912D /* Embed App Extensions */ = {
			isa = PBXCopyFilesBuildPhase;
			buildActionMask = 2147483647;
			dstPath = "";
			dstSubfolderSpec = 13;
			files = (
				BFC73D0E25A085EC0003413E /* JamCamIntent.appex in Embed App Extensions */,
				BF1B849F2598ABEF00EC912D /* BusyWidgetsExtension.appex in Embed App Extensions */,
			);
			name = "Embed App Extensions";
			runOnlyForDeploymentPostprocessing = 0;
		};
/* End PBXCopyFilesBuildPhase section */

/* Begin PBXFileReference section */
		BF0B88F325754DD00036E0E0 /* MapView.swift */ = {isa = PBXFileReference; lastKnownFileType = sourcecode.swift; path = MapView.swift; sourceTree = "<group>"; };
		BF1B84912598ABEC00EC912D /* BusyWidgetsExtension.appex */ = {isa = PBXFileReference; explicitFileType = "wrapper.app-extension"; includeInIndex = 0; path = BusyWidgetsExtension.appex; sourceTree = BUILT_PRODUCTS_DIR; };
		BF1B84952598ABEC00EC912D /* BusyWidgets.swift */ = {isa = PBXFileReference; lastKnownFileType = sourcecode.swift; path = BusyWidgets.swift; sourceTree = "<group>"; };
		BF1B84982598ABEF00EC912D /* Assets.xcassets */ = {isa = PBXFileReference; lastKnownFileType = folder.assetcatalog; path = Assets.xcassets; sourceTree = "<group>"; };
		BF1B849A2598ABEF00EC912D /* Info.plist */ = {isa = PBXFileReference; lastKnownFileType = text.plist.xml; path = Info.plist; sourceTree = "<group>"; };
		BF1EDF542550BB5A006C900F /* BusyModel.swift */ = {isa = PBXFileReference; lastKnownFileType = sourcecode.swift; path = BusyModel.swift; sourceTree = "<group>"; };
		BF1EDF6A25515E94006C900F /* YOLO.swift */ = {isa = PBXFileReference; lastKnownFileType = sourcecode.swift; path = YOLO.swift; sourceTree = "<group>"; };
		BF28F28E26309C4000FD6515 /* CreateMLModelv6.swift */ = {isa = PBXFileReference; fileEncoding = 4; lastKnownFileType = sourcecode.swift; path = CreateMLModelv6.swift; sourceTree = "<group>"; };
		BF2DB8A625541D0E00A304A7 /* AllJamCamsSheet.swift */ = {isa = PBXFileReference; lastKnownFileType = sourcecode.swift; path = AllJamCamsSheet.swift; sourceTree = "<group>"; };
		BF2DB8AE255426A500A304A7 /* PlaceDetail.swift */ = {isa = PBXFileReference; lastKnownFileType = sourcecode.swift; path = PlaceDetail.swift; sourceTree = "<group>"; };
		BF305885254F2C3C0087FDEA /* BusyBuddy.app */ = {isa = PBXFileReference; explicitFileType = wrapper.application; includeInIndex = 0; path = BusyBuddy.app; sourceTree = BUILT_PRODUCTS_DIR; };
		BF30588C254F2C3C0087FDEA /* AppView.swift */ = {isa = PBXFileReference; lastKnownFileType = sourcecode.swift; path = AppView.swift; sourceTree = "<group>"; };
		BF305891254F2C3E0087FDEA /* Assets.xcassets */ = {isa = PBXFileReference; lastKnownFileType = folder.assetcatalog; path = Assets.xcassets; sourceTree = "<group>"; };
		BF305894254F2C3E0087FDEA /* Preview Assets.xcassets */ = {isa = PBXFileReference; lastKnownFileType = folder.assetcatalog; path = "Preview Assets.xcassets"; sourceTree = "<group>"; };
		BF305899254F2C3E0087FDEA /* Info.plist */ = {isa = PBXFileReference; lastKnownFileType = text.plist.xml; path = Info.plist; sourceTree = "<group>"; };
		BF30589E254F2C3E0087FDEA /* BusyBuddyTests.xctest */ = {isa = PBXFileReference; explicitFileType = wrapper.cfbundle; includeInIndex = 0; path = BusyBuddyTests.xctest; sourceTree = BUILT_PRODUCTS_DIR; };
		BF3058A2254F2C3E0087FDEA /* BusyBuddyTests.swift */ = {isa = PBXFileReference; lastKnownFileType = sourcecode.swift; path = BusyBuddyTests.swift; sourceTree = "<group>"; };
		BF3058A4254F2C3E0087FDEA /* Info.plist */ = {isa = PBXFileReference; lastKnownFileType = text.plist.xml; path = Info.plist; sourceTree = "<group>"; };
		BF3058BF254F2C640087FDEA /* TfLUnifiedAPIClient.swift */ = {isa = PBXFileReference; lastKnownFileType = sourcecode.swift; path = TfLUnifiedAPIClient.swift; sourceTree = "<group>"; };
		BF3058C7254F2C7E0087FDEA /* JamCam.swift */ = {isa = PBXFileReference; lastKnownFileType = sourcecode.swift; path = JamCam.swift; sourceTree = "<group>"; };
		BF3058DF254F2E8E0087FDEA /* TfLUnifiedAPITests.swift */ = {isa = PBXFileReference; lastKnownFileType = sourcecode.swift; path = TfLUnifiedAPITests.swift; sourceTree = "<group>"; };
		BF37526D25BD9FB800888E73 /* MockObjects.swift */ = {isa = PBXFileReference; lastKnownFileType = sourcecode.swift; path = MockObjects.swift; sourceTree = "<group>"; };
		BF37529225BDB1C800888E73 /* JamCamsCacheTests.swift */ = {isa = PBXFileReference; lastKnownFileType = sourcecode.swift; path = JamCamsCacheTests.swift; sourceTree = "<group>"; };
		BF3ACD2B25D4156E0078E013 /* JamCamsModelTests.swift */ = {isa = PBXFileReference; lastKnownFileType = sourcecode.swift; path = JamCamsModelTests.swift; sourceTree = "<group>"; };
		BF42D83E259CA0B7004DBE86 /* BusyWidgetView.swift */ = {isa = PBXFileReference; lastKnownFileType = sourcecode.swift; path = BusyWidgetView.swift; sourceTree = "<group>"; };
		BF6B1DA32573BAB900CF3FF0 /* BookmarksGrid.swift */ = {isa = PBXFileReference; lastKnownFileType = sourcecode.swift; path = BookmarksGrid.swift; sourceTree = "<group>"; };
		BF6B1DB42573C3DA00CF3FF0 /* BookmarksGridItem.swift */ = {isa = PBXFileReference; lastKnownFileType = sourcecode.swift; path = BookmarksGridItem.swift; sourceTree = "<group>"; };
		BF6B1DB92573C5C100CF3FF0 /* Colours.swift */ = {isa = PBXFileReference; lastKnownFileType = sourcecode.swift; path = Colours.swift; sourceTree = "<group>"; };
		BF700FC125A7406A008AE90B /* CreateMLClassifierv6.mlmodel */ = {isa = PBXFileReference; lastKnownFileType = file.mlmodel; path = CreateMLClassifierv6.mlmodel; sourceTree = "<group>"; };
		BF7C4F1D25A49FE700F1247D /* AppState.swift */ = {isa = PBXFileReference; lastKnownFileType = sourcecode.swift; path = AppState.swift; sourceTree = "<group>"; };
		BF7ECC1225ED1F5B004AC50D /* SearchBar.swift */ = {isa = PBXFileReference; lastKnownFileType = sourcecode.swift; path = SearchBar.swift; sourceTree = "<group>"; };
		BF807EA72631CCB7002E6828 /* ML.swift */ = {isa = PBXFileReference; lastKnownFileType = sourcecode.swift; path = ML.swift; sourceTree = "<group>"; };
		BF88F9AD261EFE7900DC5DF4 /* ResNet-50.mlmodel */ = {isa = PBXFileReference; lastKnownFileType = file.mlmodel; path = "ResNet-50.mlmodel"; sourceTree = "<group>"; };
		BF88F9AE261EFE7900DC5DF4 /* VisionFeaturePrint_Scene.mlmodel */ = {isa = PBXFileReference; lastKnownFileType = file.mlmodel; path = VisionFeaturePrint_Scene.mlmodel; sourceTree = "<group>"; };
		BF88F9AF261EFE7A00DC5DF4 /* SqueezeNet_v1.1.mlmodel */ = {isa = PBXFileReference; lastKnownFileType = file.mlmodel; path = SqueezeNet_v1.1.mlmodel; sourceTree = "<group>"; };
		BF88F9C8261F000D00DC5DF4 /* TuriCreateImageClassifier.swift */ = {isa = PBXFileReference; lastKnownFileType = sourcecode.swift; path = TuriCreateImageClassifier.swift; sourceTree = "<group>"; };
		BF894372259C81FF0009582A /* BusyEntry.swift */ = {isa = PBXFileReference; lastKnownFileType = sourcecode.swift; path = BusyEntry.swift; sourceTree = "<group>"; };
		BF89438B259C88D60009582A /* BusyTimeline.swift */ = {isa = PBXFileReference; lastKnownFileType = sourcecode.swift; path = BusyTimeline.swift; sourceTree = "<group>"; };
		BF89439E259C8BD80009582A /* ImageLoader.swift */ = {isa = PBXFileReference; lastKnownFileType = sourcecode.swift; path = ImageLoader.swift; sourceTree = "<group>"; };
		BF90248025CF3971001B1E80 /* BusyIcon.swift */ = {isa = PBXFileReference; fileEncoding = 4; lastKnownFileType = sourcecode.swift; path = BusyIcon.swift; sourceTree = "<group>"; };
		BF90248125CF3971001B1E80 /* BusyText.swift */ = {isa = PBXFileReference; fileEncoding = 4; lastKnownFileType = sourcecode.swift; path = BusyText.swift; sourceTree = "<group>"; };
		BF92211A256E6D7F0022CE80 /* JamCamsCache.swift */ = {isa = PBXFileReference; lastKnownFileType = sourcecode.swift; path = JamCamsCache.swift; sourceTree = "<group>"; };
		BF92212D256E78160022CE80 /* JamCamsManager.swift */ = {isa = PBXFileReference; lastKnownFileType = sourcecode.swift; path = JamCamsManager.swift; sourceTree = "<group>"; };
		BF977A42259CCA2D00BC6896 /* YOLOv3.mlmodel */ = {isa = PBXFileReference; lastKnownFileType = file.mlmodel; path = YOLOv3.mlmodel; sourceTree = "<group>"; };
		BFAAEE1D25CD98B700F4DF77 /* SettingsView.swift */ = {isa = PBXFileReference; lastKnownFileType = sourcecode.swift; path = SettingsView.swift; sourceTree = "<group>"; };
		BFABB53D2598A63600106605 /* WidgetKit.framework */ = {isa = PBXFileReference; lastKnownFileType = wrapper.framework; name = WidgetKit.framework; path = System/Library/Frameworks/WidgetKit.framework; sourceTree = SDKROOT; };
		BFABB53F2598A63600106605 /* SwiftUI.framework */ = {isa = PBXFileReference; lastKnownFileType = wrapper.framework; name = SwiftUI.framework; path = System/Library/Frameworks/SwiftUI.framework; sourceTree = SDKROOT; };
		BFACD8232591CCA400940D50 /* NetworkClient.swift */ = {isa = PBXFileReference; lastKnownFileType = sourcecode.swift; path = NetworkClient.swift; sourceTree = "<group>"; };
		BFAFBC6225F5538800E62CBD /* Main.swift */ = {isa = PBXFileReference; lastKnownFileType = sourcecode.swift; path = Main.swift; sourceTree = "<group>"; };
		BFBD96222565BABB0091C0FE /* PlaceMap.swift */ = {isa = PBXFileReference; lastKnownFileType = sourcecode.swift; path = PlaceMap.swift; sourceTree = "<group>"; };
		BFC5A0A02554540E00CE2B80 /* ExampleJamCams.swift */ = {isa = PBXFileReference; lastKnownFileType = sourcecode.swift; path = ExampleJamCams.swift; sourceTree = "<group>"; };
		BFC7354A2600D56300FFA306 /* LocationModel.swift */ = {isa = PBXFileReference; lastKnownFileType = sourcecode.swift; path = LocationModel.swift; sourceTree = "<group>"; };
		BFC73CC325A084080003413E /* Intents.framework */ = {isa = PBXFileReference; lastKnownFileType = wrapper.framework; name = Intents.framework; path = System/Library/Frameworks/Intents.framework; sourceTree = SDKROOT; };
		BFC73CCE25A084080003413E /* IntentsUI.framework */ = {isa = PBXFileReference; lastKnownFileType = wrapper.framework; name = IntentsUI.framework; path = System/Library/Frameworks/IntentsUI.framework; sourceTree = SDKROOT; };
		BFC73D0625A085EC0003413E /* JamCamIntent.appex */ = {isa = PBXFileReference; explicitFileType = "wrapper.app-extension"; includeInIndex = 0; path = JamCamIntent.appex; sourceTree = BUILT_PRODUCTS_DIR; };
		BFC73D0925A085EC0003413E /* IntentHandler.swift */ = {isa = PBXFileReference; lastKnownFileType = sourcecode.swift; path = IntentHandler.swift; sourceTree = "<group>"; };
		BFC73D0B25A085EC0003413E /* Info.plist */ = {isa = PBXFileReference; lastKnownFileType = text.plist.xml; path = Info.plist; sourceTree = "<group>"; };
		BFC73D4625A086F70003413E /* JamCamIntent.entitlements */ = {isa = PBXFileReference; lastKnownFileType = text.plist.entitlements; name = JamCamIntent.entitlements; path = "/Users/ralf/UCL/Year 4/Final Year Project/Development/BusyBuddy/JamCamIntent/JamCamIntent.entitlements"; sourceTree = "<absolute>"; };
		BFC73D5B25A088000003413E /* SelectJamCamIntent.intentdefinition */ = {isa = PBXFileReference; lastKnownFileType = file.intentdefinition; path = SelectJamCamIntent.intentdefinition; sourceTree = "<group>"; };
		BFCEE14F2631C01700A4C8B6 /* JamCamTests.swift */ = {isa = PBXFileReference; lastKnownFileType = sourcecode.swift; path = JamCamTests.swift; sourceTree = "<group>"; };
		BFD2D3872556B7CD00554869 /* BusyScore.swift */ = {isa = PBXFileReference; lastKnownFileType = sourcecode.swift; path = BusyScore.swift; sourceTree = "<group>"; };
		BFD97B572550449E00FF23D4 /* JamCamsList.swift */ = {isa = PBXFileReference; lastKnownFileType = sourcecode.swift; path = JamCamsList.swift; sourceTree = "<group>"; };
		BFF1EE0D2577ECC00010981B /* ImageView.swift */ = {isa = PBXFileReference; lastKnownFileType = sourcecode.swift; path = ImageView.swift; sourceTree = "<group>"; };
/* End PBXFileReference section */

/* Begin PBXFrameworksBuildPhase section */
		BF1B848E2598ABEC00EC912D /* Frameworks */ = {
			isa = PBXFrameworksBuildPhase;
			buildActionMask = 2147483647;
			files = (
				BF1B84932598ABEC00EC912D /* SwiftUI.framework in Frameworks */,
				BF1B84922598ABEC00EC912D /* WidgetKit.framework in Frameworks */,
			);
			runOnlyForDeploymentPostprocessing = 0;
		};
		BF305882254F2C3C0087FDEA /* Frameworks */ = {
			isa = PBXFrameworksBuildPhase;
			buildActionMask = 2147483647;
			files = (
			);
			runOnlyForDeploymentPostprocessing = 0;
		};
		BF30589B254F2C3E0087FDEA /* Frameworks */ = {
			isa = PBXFrameworksBuildPhase;
			buildActionMask = 2147483647;
			files = (
			);
			runOnlyForDeploymentPostprocessing = 0;
		};
		BFC73D0325A085EC0003413E /* Frameworks */ = {
			isa = PBXFrameworksBuildPhase;
			buildActionMask = 2147483647;
			files = (
				BFC73D0725A085EC0003413E /* Intents.framework in Frameworks */,
			);
			runOnlyForDeploymentPostprocessing = 0;
		};
/* End PBXFrameworksBuildPhase section */

/* Begin PBXGroup section */
		BF1B84942598ABEC00EC912D /* BusyWidgets */ = {
			isa = PBXGroup;
			children = (
				BF1B84952598ABEC00EC912D /* BusyWidgets.swift */,
				BF1B84982598ABEF00EC912D /* Assets.xcassets */,
				BF1B849A2598ABEF00EC912D /* Info.plist */,
				BF894372259C81FF0009582A /* BusyEntry.swift */,
				BF89438B259C88D60009582A /* BusyTimeline.swift */,
				BF42D83E259CA0B7004DBE86 /* BusyWidgetView.swift */,
			);
			path = BusyWidgets;
			sourceTree = "<group>";
		};
		BF1EDF7B25516248006C900F /* Views */ = {
			isa = PBXGroup;
			children = (
				BFAFBC6225F5538800E62CBD /* Main.swift */,
				BF30588C254F2C3C0087FDEA /* AppView.swift */,
				BF2DB8A625541D0E00A304A7 /* AllJamCamsSheet.swift */,
				BF7ECC1225ED1F5B004AC50D /* SearchBar.swift */,
				BFD97B572550449E00FF23D4 /* JamCamsList.swift */,
				BF2DB8AE255426A500A304A7 /* PlaceDetail.swift */,
				BFBD96222565BABB0091C0FE /* PlaceMap.swift */,
				BFF1EE0D2577ECC00010981B /* ImageView.swift */,
				BF6B1DA32573BAB900CF3FF0 /* BookmarksGrid.swift */,
				BF6B1DB42573C3DA00CF3FF0 /* BookmarksGridItem.swift */,
				BF90248025CF3971001B1E80 /* BusyIcon.swift */,
				BF90248125CF3971001B1E80 /* BusyText.swift */,
				BF0B88F325754DD00036E0E0 /* MapView.swift */,
				BFAAEE1D25CD98B700F4DF77 /* SettingsView.swift */,
			);
			path = Views;
			sourceTree = "<group>";
		};
		BF30587C254F2C3C0087FDEA = {
			isa = PBXGroup;
			children = (
				BF305887254F2C3C0087FDEA /* BusyBuddy */,
				BF3058A1254F2C3E0087FDEA /* BusyBuddyTests */,
				BF1B84942598ABEC00EC912D /* BusyWidgets */,
				BFC73D0825A085EC0003413E /* JamCamIntent */,
				BFABB53C2598A63600106605 /* Frameworks */,
				BF305886254F2C3C0087FDEA /* Products */,
			);
			sourceTree = "<group>";
		};
		BF305886254F2C3C0087FDEA /* Products */ = {
			isa = PBXGroup;
			children = (
				BF305885254F2C3C0087FDEA /* BusyBuddy.app */,
				BF30589E254F2C3E0087FDEA /* BusyBuddyTests.xctest */,
				BF1B84912598ABEC00EC912D /* BusyWidgetsExtension.appex */,
				BFC73D0625A085EC0003413E /* JamCamIntent.appex */,
			);
			name = Products;
			sourceTree = "<group>";
		};
		BF305887254F2C3C0087FDEA /* BusyBuddy */ = {
			isa = PBXGroup;
			children = (
				BF1EDF7B25516248006C900F /* Views */,
				BF7C4F1D25A49FE700F1247D /* AppState.swift */,
				BF3058C7254F2C7E0087FDEA /* JamCam.swift */,
				BF92211A256E6D7F0022CE80 /* JamCamsCache.swift */,
				BF92212D256E78160022CE80 /* JamCamsManager.swift */,
				BFD2D3872556B7CD00554869 /* BusyScore.swift */,
				BFC7354A2600D56300FFA306 /* LocationModel.swift */,
				BF6B1DB92573C5C100CF3FF0 /* Colours.swift */,
				BFC73D5B25A088000003413E /* SelectJamCamIntent.intentdefinition */,
				BF74AE2D259C91920062EAB2 /* Network */,
				BF3058BE254F2C530087FDEA /* Core ML */,
				BF305893254F2C3E0087FDEA /* Preview Content */,
				BFC5A09F255453EF00CE2B80 /* Resources */,
				BF305891254F2C3E0087FDEA /* Assets.xcassets */,
				BF305899254F2C3E0087FDEA /* Info.plist */,
			);
			path = BusyBuddy;
			sourceTree = "<group>";
		};
		BF305893254F2C3E0087FDEA /* Preview Content */ = {
			isa = PBXGroup;
			children = (
				BF305894254F2C3E0087FDEA /* Preview Assets.xcassets */,
			);
			path = "Preview Content";
			sourceTree = "<group>";
		};
		BF3058A1254F2C3E0087FDEA /* BusyBuddyTests */ = {
			isa = PBXGroup;
			children = (
				BF3058A4254F2C3E0087FDEA /* Info.plist */,
				BF3058A2254F2C3E0087FDEA /* BusyBuddyTests.swift */,
				BF37526D25BD9FB800888E73 /* MockObjects.swift */,
				BF3058DF254F2E8E0087FDEA /* TfLUnifiedAPITests.swift */,
				BFCEE14F2631C01700A4C8B6 /* JamCamTests.swift */,
				BF37529225BDB1C800888E73 /* JamCamsCacheTests.swift */,
				BF3ACD2B25D4156E0078E013 /* JamCamsModelTests.swift */,
			);
			path = BusyBuddyTests;
			sourceTree = "<group>";
		};
		BF3058BE254F2C530087FDEA /* Core ML */ = {
			isa = PBXGroup;
			children = (
				BF88F9AD261EFE7900DC5DF4 /* ResNet-50.mlmodel */,
				BF88F9AF261EFE7A00DC5DF4 /* SqueezeNet_v1.1.mlmodel */,
				BF88F9AE261EFE7900DC5DF4 /* VisionFeaturePrint_Scene.mlmodel */,
				BF700FC125A7406A008AE90B /* CreateMLClassifierv6.mlmodel */,
				BF977A42259CCA2D00BC6896 /* YOLOv3.mlmodel */,
				BF1EDF542550BB5A006C900F /* BusyModel.swift */,
				BF807EA72631CCB7002E6828 /* ML.swift */,
				BF1EDF6A25515E94006C900F /* YOLO.swift */,
				BF88F9C8261F000D00DC5DF4 /* TuriCreateImageClassifier.swift */,
				BF28F28E26309C4000FD6515 /* CreateMLModelv6.swift */,
			);
			path = "Core ML";
			sourceTree = "<group>";
		};
		BF74AE2D259C91920062EAB2 /* Network */ = {
			isa = PBXGroup;
			children = (
				BFACD8232591CCA400940D50 /* NetworkClient.swift */,
				BF3058BF254F2C640087FDEA /* TfLUnifiedAPIClient.swift */,
				BF89439E259C8BD80009582A /* ImageLoader.swift */,
			);
			path = Network;
			sourceTree = "<group>";
		};
		BFABB53C2598A63600106605 /* Frameworks */ = {
			isa = PBXGroup;
			children = (
				BFABB53D2598A63600106605 /* WidgetKit.framework */,
				BFABB53F2598A63600106605 /* SwiftUI.framework */,
				BFC73CC325A084080003413E /* Intents.framework */,
				BFC73CCE25A084080003413E /* IntentsUI.framework */,
			);
			name = Frameworks;
			sourceTree = "<group>";
		};
		BFC5A09F255453EF00CE2B80 /* Resources */ = {
			isa = PBXGroup;
			children = (
				BFC5A0A02554540E00CE2B80 /* ExampleJamCams.swift */,
			);
			path = Resources;
			sourceTree = "<group>";
		};
		BFC73D0825A085EC0003413E /* JamCamIntent */ = {
			isa = PBXGroup;
			children = (
				BFC73D4625A086F70003413E /* JamCamIntent.entitlements */,
				BFC73D0925A085EC0003413E /* IntentHandler.swift */,
				BFC73D0B25A085EC0003413E /* Info.plist */,
			);
			path = JamCamIntent;
			sourceTree = "<group>";
		};
/* End PBXGroup section */

/* Begin PBXNativeTarget section */
		BF1B84902598ABEC00EC912D /* BusyWidgetsExtension */ = {
			isa = PBXNativeTarget;
			buildConfigurationList = BF1B84A02598ABEF00EC912D /* Build configuration list for PBXNativeTarget "BusyWidgetsExtension" */;
			buildPhases = (
				BF1B848D2598ABEC00EC912D /* Sources */,
				BF1B848E2598ABEC00EC912D /* Frameworks */,
				BF1B848F2598ABEC00EC912D /* Resources */,
			);
			buildRules = (
			);
			dependencies = (
			);
			name = BusyWidgetsExtension;
			productName = BusyWidgetsExtension;
			productReference = BF1B84912598ABEC00EC912D /* BusyWidgetsExtension.appex */;
			productType = "com.apple.product-type.app-extension";
		};
		BF305884254F2C3C0087FDEA /* BusyBuddy */ = {
			isa = PBXNativeTarget;
			buildConfigurationList = BF3058B2254F2C3E0087FDEA /* Build configuration list for PBXNativeTarget "BusyBuddy" */;
			buildPhases = (
				BF305881254F2C3C0087FDEA /* Sources */,
				BF305882254F2C3C0087FDEA /* Frameworks */,
				BF305883254F2C3C0087FDEA /* Resources */,
				BF1B84A32598ABEF00EC912D /* Embed App Extensions */,
			);
			buildRules = (
			);
			dependencies = (
				BF1B849E2598ABEF00EC912D /* PBXTargetDependency */,
				BFC73D0D25A085EC0003413E /* PBXTargetDependency */,
			);
			name = BusyBuddy;
			productName = BusyBuddy;
			productReference = BF305885254F2C3C0087FDEA /* BusyBuddy.app */;
			productType = "com.apple.product-type.application";
		};
		BF30589D254F2C3E0087FDEA /* BusyBuddyTests */ = {
			isa = PBXNativeTarget;
			buildConfigurationList = BF3058B5254F2C3E0087FDEA /* Build configuration list for PBXNativeTarget "BusyBuddyTests" */;
			buildPhases = (
				BF30589A254F2C3E0087FDEA /* Sources */,
				BF30589B254F2C3E0087FDEA /* Frameworks */,
				BF30589C254F2C3E0087FDEA /* Resources */,
			);
			buildRules = (
			);
			dependencies = (
				BF3058A0254F2C3E0087FDEA /* PBXTargetDependency */,
			);
			name = BusyBuddyTests;
			productName = BusyBuddyTests;
			productReference = BF30589E254F2C3E0087FDEA /* BusyBuddyTests.xctest */;
			productType = "com.apple.product-type.bundle.unit-test";
		};
		BFC73D0525A085EC0003413E /* JamCamIntent */ = {
			isa = PBXNativeTarget;
			buildConfigurationList = BFC73D0F25A085EC0003413E /* Build configuration list for PBXNativeTarget "JamCamIntent" */;
			buildPhases = (
				BFC73D0225A085EC0003413E /* Sources */,
				BFC73D0325A085EC0003413E /* Frameworks */,
				BFC73D0425A085EC0003413E /* Resources */,
			);
			buildRules = (
			);
			dependencies = (
			);
			name = JamCamIntent;
			productName = PlaceIntent;
			productReference = BFC73D0625A085EC0003413E /* JamCamIntent.appex */;
			productType = "com.apple.product-type.app-extension";
		};
/* End PBXNativeTarget section */

/* Begin PBXProject section */
		BF30587D254F2C3C0087FDEA /* Project object */ = {
			isa = PBXProject;
			attributes = {
				LastSwiftUpdateCheck = 1230;
				LastUpgradeCheck = 1210;
				TargetAttributes = {
					BF1B84902598ABEC00EC912D = {
						CreatedOnToolsVersion = 12.3;
					};
					BF305884254F2C3C0087FDEA = {
						CreatedOnToolsVersion = 12.1;
					};
					BF30589D254F2C3E0087FDEA = {
						CreatedOnToolsVersion = 12.1;
						TestTargetID = BF305884254F2C3C0087FDEA;
					};
					BFC73D0525A085EC0003413E = {
						CreatedOnToolsVersion = 12.3;
					};
				};
			};
			buildConfigurationList = BF305880254F2C3C0087FDEA /* Build configuration list for PBXProject "BusyBuddy" */;
			compatibilityVersion = "Xcode 9.3";
			developmentRegion = en;
			hasScannedForEncodings = 0;
			knownRegions = (
				en,
				Base,
			);
			mainGroup = BF30587C254F2C3C0087FDEA;
			productRefGroup = BF305886254F2C3C0087FDEA /* Products */;
			projectDirPath = "";
			projectRoot = "";
			targets = (
				BF305884254F2C3C0087FDEA /* BusyBuddy */,
				BF30589D254F2C3E0087FDEA /* BusyBuddyTests */,
				BF1B84902598ABEC00EC912D /* BusyWidgetsExtension */,
				BFC73D0525A085EC0003413E /* JamCamIntent */,
			);
		};
/* End PBXProject section */

/* Begin PBXResourcesBuildPhase section */
		BF1B848F2598ABEC00EC912D /* Resources */ = {
			isa = PBXResourcesBuildPhase;
			buildActionMask = 2147483647;
			files = (
				BF89436D259C7F4A0009582A /* Assets.xcassets in Resources */,
				BF1B84992598ABEF00EC912D /* Assets.xcassets in Resources */,
			);
			runOnlyForDeploymentPostprocessing = 0;
		};
		BF305883254F2C3C0087FDEA /* Resources */ = {
			isa = PBXResourcesBuildPhase;
			buildActionMask = 2147483647;
			files = (
				BF305895254F2C3E0087FDEA /* Preview Assets.xcassets in Resources */,
				BF305892254F2C3E0087FDEA /* Assets.xcassets in Resources */,
			);
			runOnlyForDeploymentPostprocessing = 0;
		};
		BF30589C254F2C3E0087FDEA /* Resources */ = {
			isa = PBXResourcesBuildPhase;
			buildActionMask = 2147483647;
			files = (
			);
			runOnlyForDeploymentPostprocessing = 0;
		};
		BFC73D0425A085EC0003413E /* Resources */ = {
			isa = PBXResourcesBuildPhase;
			buildActionMask = 2147483647;
			files = (
			);
			runOnlyForDeploymentPostprocessing = 0;
		};
/* End PBXResourcesBuildPhase section */

/* Begin PBXSourcesBuildPhase section */
		BF1B848D2598ABEC00EC912D /* Sources */ = {
			isa = PBXSourcesBuildPhase;
			buildActionMask = 2147483647;
			files = (
				BF63A68025A9A76D00F3C9F4 /* CreateMLClassifierv6.mlmodel in Sources */,
				BF42D83F259CA0B7004DBE86 /* BusyWidgetView.swift in Sources */,
				BF89432D259C7E990009582A /* JamCam.swift in Sources */,
				BF894350259C7EB50009582A /* NetworkClient.swift in Sources */,
				BF90248725CF3971001B1E80 /* BusyText.swift in Sources */,
				BF89438C259C88D60009582A /* BusyTimeline.swift in Sources */,
				BF894346259C7EAE0009582A /* JamCamsManager.swift in Sources */,
				BF894337259C7EA40009582A /* Colours.swift in Sources */,
				BF28F29126309C4000FD6515 /* CreateMLModelv6.swift in Sources */,
				BF894399259C89640009582A /* ExampleJamCams.swift in Sources */,
				BF88F9B1261EFE7A00DC5DF4 /* ResNet-50.mlmodel in Sources */,
				BF894332259C7E9D0009582A /* BusyScore.swift in Sources */,
				BF1B84962598ABEC00EC912D /* BusyWidgets.swift in Sources */,
				BF977A44259CCA2D00BC6896 /* YOLOv3.mlmodel in Sources */,
				BF88F9CA261F000D00DC5DF4 /* TuriCreateImageClassifier.swift in Sources */,
				BF894355259C7EB70009582A /* TfLUnifiedAPIClient.swift in Sources */,
				BF89435A259C7EC00009582A /* YOLO.swift in Sources */,
				BF89435F259C7EC20009582A /* BusyModel.swift in Sources */,
				BF88F9B7261EFE7A00DC5DF4 /* SqueezeNet_v1.1.mlmodel in Sources */,
				BF807EB32631CCDB002E6828 /* ML.swift in Sources */,
				BF89434B259C7EB20009582A /* JamCamsCache.swift in Sources */,
				BF90248425CF3971001B1E80 /* BusyIcon.swift in Sources */,
				BFC73D5D25A088000003413E /* SelectJamCamIntent.intentdefinition in Sources */,
				BF88F9B4261EFE7A00DC5DF4 /* VisionFeaturePrint_Scene.mlmodel in Sources */,
				BF74AE28259C90AE0062EAB2 /* ImageLoader.swift in Sources */,
				BF894374259C81FF0009582A /* BusyEntry.swift in Sources */,
			);
			runOnlyForDeploymentPostprocessing = 0;
		};
		BF305881254F2C3C0087FDEA /* Sources */ = {
			isa = PBXSourcesBuildPhase;
			buildActionMask = 2147483647;
			files = (
				BFD2D3882556B7CE00554869 /* BusyScore.swift in Sources */,
				BF90248225CF3971001B1E80 /* BusyIcon.swift in Sources */,
				BF1EDF552550BB5A006C900F /* BusyModel.swift in Sources */,
				BF92211B256E6D7F0022CE80 /* JamCamsCache.swift in Sources */,
				BF88F9B0261EFE7A00DC5DF4 /* ResNet-50.mlmodel in Sources */,
				BFAFBC6325F5538800E62CBD /* Main.swift in Sources */,
				BFC5A0A12554540E00CE2B80 /* ExampleJamCams.swift in Sources */,
				BF2DB8AF255426A500A304A7 /* PlaceDetail.swift in Sources */,
				BF89439F259C8BD80009582A /* ImageLoader.swift in Sources */,
				BF92212E256E78160022CE80 /* JamCamsManager.swift in Sources */,
				BFF1EE0E2577ECC00010981B /* ImageView.swift in Sources */,
				BFBD96232565BABB0091C0FE /* PlaceMap.swift in Sources */,
				BF7C4F1E25A49FE700F1247D /* AppState.swift in Sources */,
				BF88F9B3261EFE7A00DC5DF4 /* VisionFeaturePrint_Scene.mlmodel in Sources */,
				BFD97B582550449E00FF23D4 /* JamCamsList.swift in Sources */,
				BF0B88F425754DD00036E0E0 /* MapView.swift in Sources */,
				BF700FC325A7406A008AE90B /* CreateMLClassifierv6.mlmodel in Sources */,
				BF3058C0254F2C640087FDEA /* TfLUnifiedAPIClient.swift in Sources */,
				BFACD8242591CCA400940D50 /* NetworkClient.swift in Sources */,
				BF88F9C9261F000D00DC5DF4 /* TuriCreateImageClassifier.swift in Sources */,
				BFC73D5C25A088000003413E /* SelectJamCamIntent.intentdefinition in Sources */,
				BF88F9B6261EFE7A00DC5DF4 /* SqueezeNet_v1.1.mlmodel in Sources */,
				BFAAEE1E25CD98B700F4DF77 /* SettingsView.swift in Sources */,
				BF6B1DBA2573C5C100CF3FF0 /* Colours.swift in Sources */,
				BF90248525CF3971001B1E80 /* BusyText.swift in Sources */,
				BF6B1DA42573BAB900CF3FF0 /* BookmarksGrid.swift in Sources */,
				BF1EDF6B25515E94006C900F /* YOLO.swift in Sources */,
				BF977A43259CCA2D00BC6896 /* YOLOv3.mlmodel in Sources */,
				BF807EA82631CCB7002E6828 /* ML.swift in Sources */,
				BF2DB8A725541D0E00A304A7 /* AllJamCamsSheet.swift in Sources */,
				BF7ECC1325ED1F5B004AC50D /* SearchBar.swift in Sources */,
				BF28F28F26309C4000FD6515 /* CreateMLModelv6.swift in Sources */,
				BFC7354B2600D56300FFA306 /* LocationModel.swift in Sources */,
				BF3058C8254F2C7E0087FDEA /* JamCam.swift in Sources */,
				BF6B1DB52573C3DA00CF3FF0 /* BookmarksGridItem.swift in Sources */,
				BF30588D254F2C3C0087FDEA /* AppView.swift in Sources */,
			);
			runOnlyForDeploymentPostprocessing = 0;
		};
		BF30589A254F2C3E0087FDEA /* Sources */ = {
			isa = PBXSourcesBuildPhase;
			buildActionMask = 2147483647;
			files = (
				BF37526E25BD9FB800888E73 /* MockObjects.swift in Sources */,
				BF37529325BDB1C800888E73 /* JamCamsCacheTests.swift in Sources */,
				BF3058E0254F2E8E0087FDEA /* TfLUnifiedAPITests.swift in Sources */,
				BF3ACD2C25D4156E0078E013 /* JamCamsModelTests.swift in Sources */,
				BFCEE1502631C01700A4C8B6 /* JamCamTests.swift in Sources */,
				BF3058A3254F2C3E0087FDEA /* BusyBuddyTests.swift in Sources */,
			);
			runOnlyForDeploymentPostprocessing = 0;
		};
		BFC73D0225A085EC0003413E /* Sources */ = {
			isa = PBXSourcesBuildPhase;
			buildActionMask = 2147483647;
			files = (
				BF6BD0DB25A0894D0014DF2D /* JamCam.swift in Sources */,
				BF6BD0E625A089670014DF2D /* BusyScore.swift in Sources */,
				BFC73D5E25A088000003413E /* SelectJamCamIntent.intentdefinition in Sources */,
				BFC73D0A25A085EC0003413E /* IntentHandler.swift in Sources */,
			);
			runOnlyForDeploymentPostprocessing = 0;
		};
/* End PBXSourcesBuildPhase section */

/* Begin PBXTargetDependency section */
		BF1B849E2598ABEF00EC912D /* PBXTargetDependency */ = {
			isa = PBXTargetDependency;
			target = BF1B84902598ABEC00EC912D /* BusyWidgetsExtension */;
			targetProxy = BF1B849D2598ABEF00EC912D /* PBXContainerItemProxy */;
		};
		BF3058A0254F2C3E0087FDEA /* PBXTargetDependency */ = {
			isa = PBXTargetDependency;
			target = BF305884254F2C3C0087FDEA /* BusyBuddy */;
			targetProxy = BF30589F254F2C3E0087FDEA /* PBXContainerItemProxy */;
		};
		BFC73D0D25A085EC0003413E /* PBXTargetDependency */ = {
			isa = PBXTargetDependency;
			target = BFC73D0525A085EC0003413E /* JamCamIntent */;
			targetProxy = BFC73D0C25A085EC0003413E /* PBXContainerItemProxy */;
		};
/* End PBXTargetDependency section */

/* Begin XCBuildConfiguration section */
		BF1B84A12598ABEF00EC912D /* Debug */ = {
			isa = XCBuildConfiguration;
			buildSettings = {
				ASSETCATALOG_COMPILER_GLOBAL_ACCENT_COLOR_NAME = AccentColor;
				ASSETCATALOG_COMPILER_WIDGET_BACKGROUND_COLOR_NAME = WidgetBackground;
				CODE_SIGN_ENTITLEMENTS = BusyWidgetsExtension.entitlements;
				CODE_SIGN_STYLE = Automatic;
				DEVELOPMENT_TEAM = Z59VU7JW5V;
				INFOPLIST_FILE = BusyWidgets/Info.plist;
				IPHONEOS_DEPLOYMENT_TARGET = 14.3;
				LD_RUNPATH_SEARCH_PATHS = (
					"$(inherited)",
					"@executable_path/Frameworks",
					"@executable_path/../../Frameworks",
				);
				PRODUCT_BUNDLE_IDENTIFIER = com.zcabrmy.BusyBuddy.BusyWidgets;
				PRODUCT_NAME = "$(TARGET_NAME)";
				SKIP_INSTALL = YES;
				SWIFT_VERSION = 5.0;
				TARGETED_DEVICE_FAMILY = "1,2";
				TFL_API_KEY = 8de811fa119a40759ae10b7222621547;
			};
			name = Debug;
		};
		BF1B84A22598ABEF00EC912D /* Release */ = {
			isa = XCBuildConfiguration;
			buildSettings = {
				ASSETCATALOG_COMPILER_GLOBAL_ACCENT_COLOR_NAME = AccentColor;
				ASSETCATALOG_COMPILER_WIDGET_BACKGROUND_COLOR_NAME = WidgetBackground;
				CODE_SIGN_ENTITLEMENTS = BusyWidgetsExtension.entitlements;
				CODE_SIGN_STYLE = Automatic;
				DEVELOPMENT_TEAM = Z59VU7JW5V;
				INFOPLIST_FILE = BusyWidgets/Info.plist;
				IPHONEOS_DEPLOYMENT_TARGET = 14.3;
				LD_RUNPATH_SEARCH_PATHS = (
					"$(inherited)",
					"@executable_path/Frameworks",
					"@executable_path/../../Frameworks",
				);
				PRODUCT_BUNDLE_IDENTIFIER = com.zcabrmy.BusyBuddy.BusyWidgets;
				PRODUCT_NAME = "$(TARGET_NAME)";
				SKIP_INSTALL = YES;
				SWIFT_VERSION = 5.0;
				TARGETED_DEVICE_FAMILY = "1,2";
				TFL_API_KEY = 8de811fa119a40759ae10b7222621547;
			};
			name = Release;
		};
		BF3058B0254F2C3E0087FDEA /* Debug */ = {
			isa = XCBuildConfiguration;
			buildSettings = {
				ALWAYS_SEARCH_USER_PATHS = NO;
				CLANG_ANALYZER_NONNULL = YES;
				CLANG_ANALYZER_NUMBER_OBJECT_CONVERSION = YES_AGGRESSIVE;
				CLANG_CXX_LANGUAGE_STANDARD = "gnu++14";
				CLANG_CXX_LIBRARY = "libc++";
				CLANG_ENABLE_MODULES = YES;
				CLANG_ENABLE_OBJC_ARC = YES;
				CLANG_ENABLE_OBJC_WEAK = YES;
				CLANG_WARN_BLOCK_CAPTURE_AUTORELEASING = YES;
				CLANG_WARN_BOOL_CONVERSION = YES;
				CLANG_WARN_COMMA = YES;
				CLANG_WARN_CONSTANT_CONVERSION = YES;
				CLANG_WARN_DEPRECATED_OBJC_IMPLEMENTATIONS = YES;
				CLANG_WARN_DIRECT_OBJC_ISA_USAGE = YES_ERROR;
				CLANG_WARN_DOCUMENTATION_COMMENTS = YES;
				CLANG_WARN_EMPTY_BODY = YES;
				CLANG_WARN_ENUM_CONVERSION = YES;
				CLANG_WARN_INFINITE_RECURSION = YES;
				CLANG_WARN_INT_CONVERSION = YES;
				CLANG_WARN_NON_LITERAL_NULL_CONVERSION = YES;
				CLANG_WARN_OBJC_IMPLICIT_RETAIN_SELF = YES;
				CLANG_WARN_OBJC_LITERAL_CONVERSION = YES;
				CLANG_WARN_OBJC_ROOT_CLASS = YES_ERROR;
				CLANG_WARN_QUOTED_INCLUDE_IN_FRAMEWORK_HEADER = YES;
				CLANG_WARN_RANGE_LOOP_ANALYSIS = YES;
				CLANG_WARN_STRICT_PROTOTYPES = YES;
				CLANG_WARN_SUSPICIOUS_MOVE = YES;
				CLANG_WARN_UNGUARDED_AVAILABILITY = YES_AGGRESSIVE;
				CLANG_WARN_UNREACHABLE_CODE = YES;
				CLANG_WARN__DUPLICATE_METHOD_MATCH = YES;
				COPY_PHASE_STRIP = NO;
				DEBUG_INFORMATION_FORMAT = dwarf;
				ENABLE_STRICT_OBJC_MSGSEND = YES;
				ENABLE_TESTABILITY = YES;
				GCC_C_LANGUAGE_STANDARD = gnu11;
				GCC_DYNAMIC_NO_PIC = NO;
				GCC_NO_COMMON_BLOCKS = YES;
				GCC_OPTIMIZATION_LEVEL = 0;
				GCC_PREPROCESSOR_DEFINITIONS = (
					"DEBUG=1",
					"$(inherited)",
				);
				GCC_WARN_64_TO_32_BIT_CONVERSION = YES;
				GCC_WARN_ABOUT_RETURN_TYPE = YES_ERROR;
				GCC_WARN_UNDECLARED_SELECTOR = YES;
				GCC_WARN_UNINITIALIZED_AUTOS = YES_AGGRESSIVE;
				GCC_WARN_UNUSED_FUNCTION = YES;
				GCC_WARN_UNUSED_VARIABLE = YES;
				IPHONEOS_DEPLOYMENT_TARGET = 14.1;
				MTL_ENABLE_DEBUG_INFO = INCLUDE_SOURCE;
				MTL_FAST_MATH = YES;
				ONLY_ACTIVE_ARCH = YES;
				SDKROOT = iphoneos;
				SWIFT_ACTIVE_COMPILATION_CONDITIONS = DEBUG;
				SWIFT_OPTIMIZATION_LEVEL = "-Onone";
				TFL_API_KEY = 315c8cac0a0c4335b847845e643b6778;
			};
			name = Debug;
		};
		BF3058B1254F2C3E0087FDEA /* Release */ = {
			isa = XCBuildConfiguration;
			buildSettings = {
				ALWAYS_SEARCH_USER_PATHS = NO;
				CLANG_ANALYZER_NONNULL = YES;
				CLANG_ANALYZER_NUMBER_OBJECT_CONVERSION = YES_AGGRESSIVE;
				CLANG_CXX_LANGUAGE_STANDARD = "gnu++14";
				CLANG_CXX_LIBRARY = "libc++";
				CLANG_ENABLE_MODULES = YES;
				CLANG_ENABLE_OBJC_ARC = YES;
				CLANG_ENABLE_OBJC_WEAK = YES;
				CLANG_WARN_BLOCK_CAPTURE_AUTORELEASING = YES;
				CLANG_WARN_BOOL_CONVERSION = YES;
				CLANG_WARN_COMMA = YES;
				CLANG_WARN_CONSTANT_CONVERSION = YES;
				CLANG_WARN_DEPRECATED_OBJC_IMPLEMENTATIONS = YES;
				CLANG_WARN_DIRECT_OBJC_ISA_USAGE = YES_ERROR;
				CLANG_WARN_DOCUMENTATION_COMMENTS = YES;
				CLANG_WARN_EMPTY_BODY = YES;
				CLANG_WARN_ENUM_CONVERSION = YES;
				CLANG_WARN_INFINITE_RECURSION = YES;
				CLANG_WARN_INT_CONVERSION = YES;
				CLANG_WARN_NON_LITERAL_NULL_CONVERSION = YES;
				CLANG_WARN_OBJC_IMPLICIT_RETAIN_SELF = YES;
				CLANG_WARN_OBJC_LITERAL_CONVERSION = YES;
				CLANG_WARN_OBJC_ROOT_CLASS = YES_ERROR;
				CLANG_WARN_QUOTED_INCLUDE_IN_FRAMEWORK_HEADER = YES;
				CLANG_WARN_RANGE_LOOP_ANALYSIS = YES;
				CLANG_WARN_STRICT_PROTOTYPES = YES;
				CLANG_WARN_SUSPICIOUS_MOVE = YES;
				CLANG_WARN_UNGUARDED_AVAILABILITY = YES_AGGRESSIVE;
				CLANG_WARN_UNREACHABLE_CODE = YES;
				CLANG_WARN__DUPLICATE_METHOD_MATCH = YES;
				COPY_PHASE_STRIP = NO;
				DEBUG_INFORMATION_FORMAT = "dwarf-with-dsym";
				ENABLE_NS_ASSERTIONS = NO;
				ENABLE_STRICT_OBJC_MSGSEND = YES;
				GCC_C_LANGUAGE_STANDARD = gnu11;
				GCC_NO_COMMON_BLOCKS = YES;
				GCC_WARN_64_TO_32_BIT_CONVERSION = YES;
				GCC_WARN_ABOUT_RETURN_TYPE = YES_ERROR;
				GCC_WARN_UNDECLARED_SELECTOR = YES;
				GCC_WARN_UNINITIALIZED_AUTOS = YES_AGGRESSIVE;
				GCC_WARN_UNUSED_FUNCTION = YES;
				GCC_WARN_UNUSED_VARIABLE = YES;
				IPHONEOS_DEPLOYMENT_TARGET = 14.1;
				MTL_ENABLE_DEBUG_INFO = NO;
				MTL_FAST_MATH = YES;
				SDKROOT = iphoneos;
				SWIFT_COMPILATION_MODE = wholemodule;
				SWIFT_OPTIMIZATION_LEVEL = "-O";
				TFL_API_KEY = 315c8cac0a0c4335b847845e643b6778;
				VALIDATE_PRODUCT = YES;
			};
			name = Release;
		};
		BF3058B3254F2C3E0087FDEA /* Debug */ = {
			isa = XCBuildConfiguration;
			buildSettings = {
				ALWAYS_EMBED_SWIFT_STANDARD_LIBRARIES = YES;
				ASSETCATALOG_COMPILER_APPICON_NAME = AppIcon;
				ASSETCATALOG_COMPILER_GLOBAL_ACCENT_COLOR_NAME = AccentColor;
				CODE_SIGN_ENTITLEMENTS = BusyBuddy/BusyBuddy.entitlements;
				CODE_SIGN_STYLE = Automatic;
				DEVELOPMENT_ASSET_PATHS = "\"BusyBuddy/Preview Content\"";
				DEVELOPMENT_TEAM = Z59VU7JW5V;
				ENABLE_PREVIEWS = YES;
				INFOPLIST_FILE = BusyBuddy/Info.plist;
				LD_RUNPATH_SEARCH_PATHS = (
					"$(inherited)",
					"@executable_path/Frameworks",
				);
				PRODUCT_BUNDLE_IDENTIFIER = com.zcabrmy.BusyBuddy;
				PRODUCT_NAME = "$(TARGET_NAME)";
				SWIFT_VERSION = 5.0;
				TARGETED_DEVICE_FAMILY = "1,2";
				TFL_API_KEY = 8de811fa119a40759ae10b7222621547;
			};
			name = Debug;
		};
		BF3058B4254F2C3E0087FDEA /* Release */ = {
			isa = XCBuildConfiguration;
			buildSettings = {
				ALWAYS_EMBED_SWIFT_STANDARD_LIBRARIES = YES;
				ASSETCATALOG_COMPILER_APPICON_NAME = AppIcon;
				ASSETCATALOG_COMPILER_GLOBAL_ACCENT_COLOR_NAME = AccentColor;
				CODE_SIGN_ENTITLEMENTS = BusyBuddy/BusyBuddy.entitlements;
				CODE_SIGN_STYLE = Automatic;
				DEVELOPMENT_ASSET_PATHS = "\"BusyBuddy/Preview Content\"";
				DEVELOPMENT_TEAM = Z59VU7JW5V;
				ENABLE_PREVIEWS = YES;
				INFOPLIST_FILE = BusyBuddy/Info.plist;
				LD_RUNPATH_SEARCH_PATHS = (
					"$(inherited)",
					"@executable_path/Frameworks",
				);
				PRODUCT_BUNDLE_IDENTIFIER = com.zcabrmy.BusyBuddy;
				PRODUCT_NAME = "$(TARGET_NAME)";
				SWIFT_VERSION = 5.0;
				TARGETED_DEVICE_FAMILY = "1,2";
				TFL_API_KEY = 8de811fa119a40759ae10b7222621547;
			};
			name = Release;
		};
		BF3058B6254F2C3E0087FDEA /* Debug */ = {
			isa = XCBuildConfiguration;
			buildSettings = {
				ALWAYS_EMBED_SWIFT_STANDARD_LIBRARIES = YES;
				BUNDLE_LOADER = "$(TEST_HOST)";
				CODE_SIGN_STYLE = Automatic;
				DEVELOPMENT_TEAM = Z59VU7JW5V;
				INFOPLIST_FILE = BusyBuddyTests/Info.plist;
				IPHONEOS_DEPLOYMENT_TARGET = 14.1;
				LD_RUNPATH_SEARCH_PATHS = (
					"$(inherited)",
					"@executable_path/Frameworks",
					"@loader_path/Frameworks",
				);
				PRODUCT_BUNDLE_IDENTIFIER = com.zcabrmy.BusyBuddyTests;
				PRODUCT_NAME = "$(TARGET_NAME)";
				SWIFT_VERSION = 5.0;
				TARGETED_DEVICE_FAMILY = "1,2";
				TEST_HOST = "$(BUILT_PRODUCTS_DIR)/BusyBuddy.app/BusyBuddy";
				TFL_API_KEY = 8de811fa119a40759ae10b7222621547;
			};
			name = Debug;
		};
		BF3058B7254F2C3E0087FDEA /* Release */ = {
			isa = XCBuildConfiguration;
			buildSettings = {
				ALWAYS_EMBED_SWIFT_STANDARD_LIBRARIES = YES;
				BUNDLE_LOADER = "$(TEST_HOST)";
				CODE_SIGN_STYLE = Automatic;
				DEVELOPMENT_TEAM = Z59VU7JW5V;
				INFOPLIST_FILE = BusyBuddyTests/Info.plist;
				IPHONEOS_DEPLOYMENT_TARGET = 14.1;
				LD_RUNPATH_SEARCH_PATHS = (
					"$(inherited)",
					"@executable_path/Frameworks",
					"@loader_path/Frameworks",
				);
				PRODUCT_BUNDLE_IDENTIFIER = com.zcabrmy.BusyBuddyTests;
				PRODUCT_NAME = "$(TARGET_NAME)";
				SWIFT_VERSION = 5.0;
				TARGETED_DEVICE_FAMILY = "1,2";
				TEST_HOST = "$(BUILT_PRODUCTS_DIR)/BusyBuddy.app/BusyBuddy";
				TFL_API_KEY = 8de811fa119a40759ae10b7222621547;
			};
			name = Release;
		};
		BFC73D1025A085EC0003413E /* Debug */ = {
			isa = XCBuildConfiguration;
			buildSettings = {
				CODE_SIGN_ENTITLEMENTS = JamCamIntent/JamCamIntent.entitlements;
				CODE_SIGN_STYLE = Automatic;
				DEVELOPMENT_TEAM = Z59VU7JW5V;
				INFOPLIST_FILE = JamCamIntent/Info.plist;
				IPHONEOS_DEPLOYMENT_TARGET = 14.3;
				LD_RUNPATH_SEARCH_PATHS = (
					"$(inherited)",
					"@executable_path/Frameworks",
					"@executable_path/../../Frameworks",
				);
				PRODUCT_BUNDLE_IDENTIFIER = com.zcabrmy.BusyBuddy.JamCamIntent;
				PRODUCT_NAME = "$(TARGET_NAME)";
				SKIP_INSTALL = YES;
				SWIFT_VERSION = 5.0;
				TARGETED_DEVICE_FAMILY = "1,2";
				TFL_API_KEY = 8de811fa119a40759ae10b7222621547;
			};
			name = Debug;
		};
		BFC73D1125A085EC0003413E /* Release */ = {
			isa = XCBuildConfiguration;
			buildSettings = {
				CODE_SIGN_ENTITLEMENTS = JamCamIntent/JamCamIntent.entitlements;
				CODE_SIGN_STYLE = Automatic;
				DEVELOPMENT_TEAM = Z59VU7JW5V;
				INFOPLIST_FILE = JamCamIntent/Info.plist;
				IPHONEOS_DEPLOYMENT_TARGET = 14.3;
				LD_RUNPATH_SEARCH_PATHS = (
					"$(inherited)",
					"@executable_path/Frameworks",
					"@executable_path/../../Frameworks",
				);
				PRODUCT_BUNDLE_IDENTIFIER = com.zcabrmy.BusyBuddy.JamCamIntent;
				PRODUCT_NAME = "$(TARGET_NAME)";
				SKIP_INSTALL = YES;
				SWIFT_VERSION = 5.0;
				TARGETED_DEVICE_FAMILY = "1,2";
				TFL_API_KEY = 8de811fa119a40759ae10b7222621547;
			};
			name = Release;
		};
/* End XCBuildConfiguration section */

/* Begin XCConfigurationList section */
		BF1B84A02598ABEF00EC912D /* Build configuration list for PBXNativeTarget "BusyWidgetsExtension" */ = {
			isa = XCConfigurationList;
			buildConfigurations = (
				BF1B84A12598ABEF00EC912D /* Debug */,
				BF1B84A22598ABEF00EC912D /* Release */,
			);
			defaultConfigurationIsVisible = 0;
			defaultConfigurationName = Release;
		};
		BF305880254F2C3C0087FDEA /* Build configuration list for PBXProject "BusyBuddy" */ = {
			isa = XCConfigurationList;
			buildConfigurations = (
				BF3058B0254F2C3E0087FDEA /* Debug */,
				BF3058B1254F2C3E0087FDEA /* Release */,
			);
			defaultConfigurationIsVisible = 0;
			defaultConfigurationName = Release;
		};
		BF3058B2254F2C3E0087FDEA /* Build configuration list for PBXNativeTarget "BusyBuddy" */ = {
			isa = XCConfigurationList;
			buildConfigurations = (
				BF3058B3254F2C3E0087FDEA /* Debug */,
				BF3058B4254F2C3E0087FDEA /* Release */,
			);
			defaultConfigurationIsVisible = 0;
			defaultConfigurationName = Release;
		};
		BF3058B5254F2C3E0087FDEA /* Build configuration list for PBXNativeTarget "BusyBuddyTests" */ = {
			isa = XCConfigurationList;
			buildConfigurations = (
				BF3058B6254F2C3E0087FDEA /* Debug */,
				BF3058B7254F2C3E0087FDEA /* Release */,
			);
			defaultConfigurationIsVisible = 0;
			defaultConfigurationName = Release;
		};
		BFC73D0F25A085EC0003413E /* Build configuration list for PBXNativeTarget "JamCamIntent" */ = {
			isa = XCConfigurationList;
			buildConfigurations = (
				BFC73D1025A085EC0003413E /* Debug */,
				BFC73D1125A085EC0003413E /* Release */,
			);
			defaultConfigurationIsVisible = 0;
			defaultConfigurationName = Release;
		};
/* End XCConfigurationList section */
	};
	rootObject = BF30587D254F2C3C0087FDEA /* Project object */;
}
